
Microsoft Visual Studio Solution File, Format Version 12.00
# Visual Studio Version 17
VisualStudioVersion = 17.11.35312.102
MinimumVisualStudioVersion = 10.0.40219.1
Project("{FAE04EC0-301F-11D3-BF4B-00C04F79EFBC}") = "Day3 - Arrays", "Day3 - Arrays\Day3 - Arrays.csproj", "{672351FF-F139-4F29-ABED-7C640B1901F1}"
EndProject
Project("{FAE04EC0-301F-11D3-BF4B-00C04F79EFBC}") = "day3-array resizing", "day3-array resizing\day3-array resizing.csproj", "{24B3E99E-465D-4557-8FB0-65187EED0504}"
EndProject
Project("{FAE04EC0-301F-11D3-BF4B-00C04F79EFBC}") = "Day3-Switch Case", "Day3-Switch Case\Day3-Switch Case.csproj", "{9D09F5ED-6729-4848-B384-C18952704793}"
EndProject
Project("{FAE04EC0-301F-11D3-BF4B-00C04F79EFBC}") = "Day3-StringFunctions", "StringFunctions\Day3-StringFunctions.csproj", "{3ABE4681-F842-43E2-A1CE-172917F1C7D5}"
EndProject
Project("{FAE04EC0-301F-11D3-BF4B-00C04F79EFBC}") = "Day4-Functions", "Day4-Functions\Day4-Functions.csproj", "{95B3CB2B-0059-49DC-9442-650E34C38129}"
EndProject
Project("{FAE04EC0-301F-11D3-BF4B-00C04F79EFBC}") = "Day4-String", "Day4-String\Day4-String.csproj", "{9191B73B-C5B3-40D0-A79A-12E8D0A5F21E}"
EndProject
Project("{FAE04EC0-301F-11D3-BF4B-00C04F79EFBC}") = "Task2-Oddeven numbers", "Task2-Oddeven numbers\Task2-Oddeven numbers.csproj", "{BF4D77E4-83A7-418B-B9B0-91B1EEAA948A}"
EndProject
Project("{FAE04EC0-301F-11D3-BF4B-00C04F79EFBC}") = "Task3-Palindrome", "Task3-Palindrome\Task3-Palindrome.csproj", "{1F35C19B-AA1C-41F8-9B76-52351C7C700E}"
EndProject
Project("{FAE04EC0-301F-11D3-BF4B-00C04F79EFBC}") = "Task4-Calculator", "Task4-Calculator\Task4-Calculator.csproj", "{FCC8DCD3-D473-4843-80FD-ED1190FDD471}"
EndProject
Project("{FAE04EC0-301F-11D3-BF4B-00C04F79EFBC}") = "Day3 assignment 1(Swapping elements)", "Day3 assignment 1\Day3 assignment 1(Swapping elements).csproj", "{E6FFC6A2-11FF-4264-901C-39FE200D91E8}"
EndProject
Project("{FAE04EC0-301F-11D3-BF4B-00C04F79EFBC}") = "Day3-Task1(uppercase and lowercase)", "Day3-Task1\Day3-Task1(uppercase and lowercase).csproj", "{F18CB6C3-E8E6-4F89-A702-F209CEC41DC6}"
EndProject
Project("{FAE04EC0-301F-11D3-BF4B-00C04F79EFBC}") = "Task5 - Word replacing", "Task5 - Word replacing\Task5 - Word replacing.csproj", "{75C6B517-6B89-40D0-9488-7DD845EFFE18}"
EndProject
Project("{FAE04EC0-301F-11D3-BF4B-00C04F79EFBC}") = "Task7-Pattern printing", "Task7-Pattern printing\Task7-Pattern printing.csproj", "{1A6F5D67-7834-445A-9045-AA387DB16295}"
EndProject
Project("{FAE04EC0-301F-11D3-BF4B-00C04F79EFBC}") = "Task8 - Number printing", "Task8 - Number printing\Task8 - Number printing.csproj", "{CF02EDA3-FCF3-47D7-9E84-50ECDF6FBF96}"
EndProject
Project("{FAE04EC0-301F-11D3-BF4B-00C04F79EFBC}") = "Task9-Number printing 2", "Task9-Number printing 2\Task9-Number printing 2.csproj", "{9FFCEC11-9DF6-47FD-81D7-5BD5AF46BC99}"
EndProject
Project("{FAE04EC0-301F-11D3-BF4B-00C04F79EFBC}") = "Day3-assignment2(Rectangle printing)", "Day3-assignment2(Rectangle printing)\Day3-assignment2(Rectangle printing).csproj", "{A973FA1C-1E68-4F99-B40D-5861FC7F5267}"
EndProject
Project("{FAE04EC0-301F-11D3-BF4B-00C04F79EFBC}") = "Task1-Natural numbers", "Task1-Natural numbers\Task1-Natural numbers.csproj", "{CA353CFD-365D-4C75-8598-592C96F430B6}"
EndProject
Project("{FAE04EC0-301F-11D3-BF4B-00C04F79EFBC}") = "Task 6-Word checking", "Task 6-Word checking\Task 6-Word checking.csproj", "{3D39BD4B-898A-4B78-BEC9-AA5538577C02}"
EndProject
Project("{2150E333-8FDC-42A3-9474-1A3956D46DE8}") = "Day5", "Day5", "{6076A9D8-B896-45E7-9E40-3A27B424E09E}"
EndProject
Project("{FAE04EC0-301F-11D3-BF4B-00C04F79EFBC}") = "Day 5.1-Namespace", "Day 5.1-Namespace\Day 5.1-Namespace.csproj", "{D309D017-5F45-424F-84D7-A7DD2C79418A}"
EndProject
Project("{FAE04EC0-301F-11D3-BF4B-00C04F79EFBC}") = "Day5.2-Date And Time", "Day5.2-Date And Time\Day5.2-Date And Time.csproj", "{70E19E15-56C8-4161-A9D4-A7ACC07CD1C3}"
EndProject
Project("{FAE04EC0-301F-11D3-BF4B-00C04F79EFBC}") = "Day5 task1", "Day5 task1\Day5 task1.csproj", "{3FF56715-E878-4A54-974A-541833A7AC28}"
EndProject
Project("{FAE04EC0-301F-11D3-BF4B-00C04F79EFBC}") = "Day 5.3-List", "Day 5.3-List\Day 5.3-List.csproj", "{85B5BE26-01B3-4423-A676-73323AAAF298}"
EndProject
Project("{FAE04EC0-301F-11D3-BF4B-00C04F79EFBC}") = "Day5 task 2", "Day5 task 2\Day5 task 2.csproj", "{8CB5CC2B-373A-45BF-A5C2-BAF8E7F0731D}"
EndProject
Project("{FAE04EC0-301F-11D3-BF4B-00C04F79EFBC}") = "Day5 task 3", "Day5 task 3\Day5 task 3.csproj", "{5D66B201-89DD-4709-A4C2-C7EA19A58E51}"
EndProject
Project("{FAE04EC0-301F-11D3-BF4B-00C04F79EFBC}") = "Day5 task 4", "Day5 task 4\Day5 task 4.csproj", "{E431B6E0-DB54-445F-9B0B-41F944CB7139}"
EndProject
Project("{FAE04EC0-301F-11D3-BF4B-00C04F79EFBC}") = "Day 5.4 Nested_List", "Day 5.4 Nested_List\Day 5.4 Nested_List.csproj", "{845219E6-3757-4DAC-B809-95666ABC8975}"
EndProject
Project("{FAE04EC0-301F-11D3-BF4B-00C04F79EFBC}") = "Day 5.5 Dictionary", "Day 5.5 Dictionary\Day 5.5 Dictionary.csproj", "{332325E1-3EEC-49EA-8F41-BF0454232896}"
EndProject
Project("{FAE04EC0-301F-11D3-BF4B-00C04F79EFBC}") = "Day 5 task 5", "Day 5 task 5\Day 5 task 5.csproj", "{D7C991A2-8E08-4C0D-8378-420209E78B7C}"
EndProject
Project("{FAE04EC0-301F-11D3-BF4B-00C04F79EFBC}") = "DAY9-Valuetype and Referencetype", "DAY9\DAY9-Valuetype and Referencetype.csproj", "{DEE4BCEA-5163-4F92-83E4-6C46F481F5DD}"
EndProject
Project("{FAE04EC0-301F-11D3-BF4B-00C04F79EFBC}") = "Day9-Task 1", "Day9-Task 1\Day9-Task 1.csproj", "{79208846-4E01-4243-95EF-BFCC77E974A7}"
EndProject
Project("{FAE04EC0-301F-11D3-BF4B-00C04F79EFBC}") = "Day9-Task 2", "Day9-Task 2\Day9-Task 2.csproj", "{D4D4DC76-21FF-4639-93D7-65C62AE36C81}"
EndProject
Project("{FAE04EC0-301F-11D3-BF4B-00C04F79EFBC}") = "Day9-array resizing", "Day9-array resizing\Day9-array resizing.csproj", "{4213D08F-0E59-4285-BD65-87C5B6D9E600}"
EndProject
Project("{FAE04EC0-301F-11D3-BF4B-00C04F79EFBC}") = "Day10", "Day10\Day10.csproj", "{BB946BFD-5893-4BF2-9F82-66BF470FF632}"
EndProject
Project("{2150E333-8FDC-42A3-9474-1A3956D46DE8}") = "Assessments", "Assessments", "{05698DC1-37CD-4F9D-BB1D-994843F547D2}"
EndProject
Project("{2150E333-8FDC-42A3-9474-1A3956D46DE8}") = "Assessment 1", "Assessment 1", "{94CCDC3B-AF2E-448D-B590-A5E1C9DF8C73}"
EndProject
Project("{FAE04EC0-301F-11D3-BF4B-00C04F79EFBC}") = "HospitalManagementSystem", "HospitalManagementSystem\HospitalManagementSystem.csproj", "{661CB7FC-7A47-4BF3-81CF-54530CAFA662}"
EndProject
Project("{FAE04EC0-301F-11D3-BF4B-00C04F79EFBC}") = "Test1", "Assessment\Assessment 1\Test1\Test1.csproj", "{B93C43CF-DC0A-418E-B78B-7138A613AC16}"
EndProject
Project("{2150E333-8FDC-42A3-9474-1A3956D46DE8}") = "Day 11", "Day 11", "{FB9A3FF2-0D20-41C0-AEB1-886E0F7F4EE8}"
EndProject
Project("{FAE04EC0-301F-11D3-BF4B-00C04F79EFBC}") = "Oops Concept", "Oops Concept\Oops Concept.csproj", "{2DFCA60B-5763-4E68-8554-33E92643D107}"
EndProject
Project("{FAE04EC0-301F-11D3-BF4B-00C04F79EFBC}") = "Employee", "Employee\Employee.csproj", "{FD9082C4-8024-4964-82BC-BE62FBD240F0}"
EndProject
Project("{FAE04EC0-301F-11D3-BF4B-00C04F79EFBC}") = "Day11 - Task1", "Day11 - Task1\Day11 - Task1.csproj", "{C87578C3-801D-43C4-BFCC-3AACFCE068A9}"
EndProject
Project("{FAE04EC0-301F-11D3-BF4B-00C04F79EFBC}") = "Day11-Task2", "Day11-Task2\Day11-Task2.csproj", "{ACC5328E-9866-4E51-9633-946303E5CAC4}"
EndProject
Project("{FAE04EC0-301F-11D3-BF4B-00C04F79EFBC}") = "Day11 - Task3", "Day11 - Task3\Day11 - Task3.csproj", "{AB15DEF6-5E09-4038-8104-9666BD14A04B}"
EndProject
Project("{FAE04EC0-301F-11D3-BF4B-00C04F79EFBC}") = "Day11-Task4", "Day11-Task4\Day11-Task4.csproj", "{5345D018-B182-4C27-9328-A053411F6A78}"
EndProject
Project("{FAE04EC0-301F-11D3-BF4B-00C04F79EFBC}") = "Day11-Task 5", "Day11-Task 5\Day11-Task 5.csproj", "{86FCFF77-2EFE-42E2-BFA3-14954301731A}"
EndProject
Global
	GlobalSection(SolutionConfigurationPlatforms) = preSolution
		Debug|Any CPU = Debug|Any CPU
		Release|Any CPU = Release|Any CPU
	EndGlobalSection
	GlobalSection(ProjectConfigurationPlatforms) = postSolution
		{672351FF-F139-4F29-ABED-7C640B1901F1}.Debug|Any CPU.ActiveCfg = Debug|Any CPU
		{672351FF-F139-4F29-ABED-7C640B1901F1}.Debug|Any CPU.Build.0 = Debug|Any CPU
		{672351FF-F139-4F29-ABED-7C640B1901F1}.Release|Any CPU.ActiveCfg = Release|Any CPU
		{672351FF-F139-4F29-ABED-7C640B1901F1}.Release|Any CPU.Build.0 = Release|Any CPU
		{24B3E99E-465D-4557-8FB0-65187EED0504}.Debug|Any CPU.ActiveCfg = Debug|Any CPU
		{24B3E99E-465D-4557-8FB0-65187EED0504}.Debug|Any CPU.Build.0 = Debug|Any CPU
		{24B3E99E-465D-4557-8FB0-65187EED0504}.Release|Any CPU.ActiveCfg = Release|Any CPU
		{24B3E99E-465D-4557-8FB0-65187EED0504}.Release|Any CPU.Build.0 = Release|Any CPU
		{9D09F5ED-6729-4848-B384-C18952704793}.Debug|Any CPU.ActiveCfg = Debug|Any CPU
		{9D09F5ED-6729-4848-B384-C18952704793}.Debug|Any CPU.Build.0 = Debug|Any CPU
		{9D09F5ED-6729-4848-B384-C18952704793}.Release|Any CPU.ActiveCfg = Release|Any CPU
		{9D09F5ED-6729-4848-B384-C18952704793}.Release|Any CPU.Build.0 = Release|Any CPU
		{3ABE4681-F842-43E2-A1CE-172917F1C7D5}.Debug|Any CPU.ActiveCfg = Debug|Any CPU
		{3ABE4681-F842-43E2-A1CE-172917F1C7D5}.Debug|Any CPU.Build.0 = Debug|Any CPU
		{3ABE4681-F842-43E2-A1CE-172917F1C7D5}.Release|Any CPU.ActiveCfg = Release|Any CPU
		{3ABE4681-F842-43E2-A1CE-172917F1C7D5}.Release|Any CPU.Build.0 = Release|Any CPU
		{95B3CB2B-0059-49DC-9442-650E34C38129}.Debug|Any CPU.ActiveCfg = Debug|Any CPU
		{95B3CB2B-0059-49DC-9442-650E34C38129}.Debug|Any CPU.Build.0 = Debug|Any CPU
		{95B3CB2B-0059-49DC-9442-650E34C38129}.Release|Any CPU.ActiveCfg = Release|Any CPU
		{95B3CB2B-0059-49DC-9442-650E34C38129}.Release|Any CPU.Build.0 = Release|Any CPU
		{9191B73B-C5B3-40D0-A79A-12E8D0A5F21E}.Debug|Any CPU.ActiveCfg = Debug|Any CPU
		{9191B73B-C5B3-40D0-A79A-12E8D0A5F21E}.Debug|Any CPU.Build.0 = Debug|Any CPU
		{9191B73B-C5B3-40D0-A79A-12E8D0A5F21E}.Release|Any CPU.ActiveCfg = Release|Any CPU
		{9191B73B-C5B3-40D0-A79A-12E8D0A5F21E}.Release|Any CPU.Build.0 = Release|Any CPU
		{BF4D77E4-83A7-418B-B9B0-91B1EEAA948A}.Debug|Any CPU.ActiveCfg = Debug|Any CPU
		{BF4D77E4-83A7-418B-B9B0-91B1EEAA948A}.Debug|Any CPU.Build.0 = Debug|Any CPU
		{BF4D77E4-83A7-418B-B9B0-91B1EEAA948A}.Release|Any CPU.ActiveCfg = Release|Any CPU
		{BF4D77E4-83A7-418B-B9B0-91B1EEAA948A}.Release|Any CPU.Build.0 = Release|Any CPU
		{1F35C19B-AA1C-41F8-9B76-52351C7C700E}.Debug|Any CPU.ActiveCfg = Debug|Any CPU
		{1F35C19B-AA1C-41F8-9B76-52351C7C700E}.Debug|Any CPU.Build.0 = Debug|Any CPU
		{1F35C19B-AA1C-41F8-9B76-52351C7C700E}.Release|Any CPU.ActiveCfg = Release|Any CPU
		{1F35C19B-AA1C-41F8-9B76-52351C7C700E}.Release|Any CPU.Build.0 = Release|Any CPU
		{FCC8DCD3-D473-4843-80FD-ED1190FDD471}.Debug|Any CPU.ActiveCfg = Debug|Any CPU
		{FCC8DCD3-D473-4843-80FD-ED1190FDD471}.Debug|Any CPU.Build.0 = Debug|Any CPU
		{FCC8DCD3-D473-4843-80FD-ED1190FDD471}.Release|Any CPU.ActiveCfg = Release|Any CPU
		{FCC8DCD3-D473-4843-80FD-ED1190FDD471}.Release|Any CPU.Build.0 = Release|Any CPU
		{E6FFC6A2-11FF-4264-901C-39FE200D91E8}.Debug|Any CPU.ActiveCfg = Debug|Any CPU
		{E6FFC6A2-11FF-4264-901C-39FE200D91E8}.Debug|Any CPU.Build.0 = Debug|Any CPU
		{E6FFC6A2-11FF-4264-901C-39FE200D91E8}.Release|Any CPU.ActiveCfg = Release|Any CPU
		{E6FFC6A2-11FF-4264-901C-39FE200D91E8}.Release|Any CPU.Build.0 = Release|Any CPU
		{F18CB6C3-E8E6-4F89-A702-F209CEC41DC6}.Debug|Any CPU.ActiveCfg = Debug|Any CPU
		{F18CB6C3-E8E6-4F89-A702-F209CEC41DC6}.Debug|Any CPU.Build.0 = Debug|Any CPU
		{F18CB6C3-E8E6-4F89-A702-F209CEC41DC6}.Release|Any CPU.ActiveCfg = Release|Any CPU
		{F18CB6C3-E8E6-4F89-A702-F209CEC41DC6}.Release|Any CPU.Build.0 = Release|Any CPU
		{75C6B517-6B89-40D0-9488-7DD845EFFE18}.Debug|Any CPU.ActiveCfg = Debug|Any CPU
		{75C6B517-6B89-40D0-9488-7DD845EFFE18}.Debug|Any CPU.Build.0 = Debug|Any CPU
		{75C6B517-6B89-40D0-9488-7DD845EFFE18}.Release|Any CPU.ActiveCfg = Release|Any CPU
		{75C6B517-6B89-40D0-9488-7DD845EFFE18}.Release|Any CPU.Build.0 = Release|Any CPU
		{1A6F5D67-7834-445A-9045-AA387DB16295}.Debug|Any CPU.ActiveCfg = Debug|Any CPU
		{1A6F5D67-7834-445A-9045-AA387DB16295}.Debug|Any CPU.Build.0 = Debug|Any CPU
		{1A6F5D67-7834-445A-9045-AA387DB16295}.Release|Any CPU.ActiveCfg = Release|Any CPU
		{1A6F5D67-7834-445A-9045-AA387DB16295}.Release|Any CPU.Build.0 = Release|Any CPU
		{CF02EDA3-FCF3-47D7-9E84-50ECDF6FBF96}.Debug|Any CPU.ActiveCfg = Debug|Any CPU
		{CF02EDA3-FCF3-47D7-9E84-50ECDF6FBF96}.Debug|Any CPU.Build.0 = Debug|Any CPU
		{CF02EDA3-FCF3-47D7-9E84-50ECDF6FBF96}.Release|Any CPU.ActiveCfg = Release|Any CPU
		{CF02EDA3-FCF3-47D7-9E84-50ECDF6FBF96}.Release|Any CPU.Build.0 = Release|Any CPU
		{9FFCEC11-9DF6-47FD-81D7-5BD5AF46BC99}.Debug|Any CPU.ActiveCfg = Debug|Any CPU
		{9FFCEC11-9DF6-47FD-81D7-5BD5AF46BC99}.Debug|Any CPU.Build.0 = Debug|Any CPU
		{9FFCEC11-9DF6-47FD-81D7-5BD5AF46BC99}.Release|Any CPU.ActiveCfg = Release|Any CPU
		{9FFCEC11-9DF6-47FD-81D7-5BD5AF46BC99}.Release|Any CPU.Build.0 = Release|Any CPU
		{A973FA1C-1E68-4F99-B40D-5861FC7F5267}.Debug|Any CPU.ActiveCfg = Debug|Any CPU
		{A973FA1C-1E68-4F99-B40D-5861FC7F5267}.Debug|Any CPU.Build.0 = Debug|Any CPU
		{A973FA1C-1E68-4F99-B40D-5861FC7F5267}.Release|Any CPU.ActiveCfg = Release|Any CPU
		{A973FA1C-1E68-4F99-B40D-5861FC7F5267}.Release|Any CPU.Build.0 = Release|Any CPU
		{CA353CFD-365D-4C75-8598-592C96F430B6}.Debug|Any CPU.ActiveCfg = Debug|Any CPU
		{CA353CFD-365D-4C75-8598-592C96F430B6}.Debug|Any CPU.Build.0 = Debug|Any CPU
		{CA353CFD-365D-4C75-8598-592C96F430B6}.Release|Any CPU.ActiveCfg = Release|Any CPU
		{CA353CFD-365D-4C75-8598-592C96F430B6}.Release|Any CPU.Build.0 = Release|Any CPU
		{3D39BD4B-898A-4B78-BEC9-AA5538577C02}.Debug|Any CPU.ActiveCfg = Debug|Any CPU
		{3D39BD4B-898A-4B78-BEC9-AA5538577C02}.Debug|Any CPU.Build.0 = Debug|Any CPU
		{3D39BD4B-898A-4B78-BEC9-AA5538577C02}.Release|Any CPU.ActiveCfg = Release|Any CPU
		{3D39BD4B-898A-4B78-BEC9-AA5538577C02}.Release|Any CPU.Build.0 = Release|Any CPU
		{D309D017-5F45-424F-84D7-A7DD2C79418A}.Debug|Any CPU.ActiveCfg = Debug|Any CPU
		{D309D017-5F45-424F-84D7-A7DD2C79418A}.Debug|Any CPU.Build.0 = Debug|Any CPU
		{D309D017-5F45-424F-84D7-A7DD2C79418A}.Release|Any CPU.ActiveCfg = Release|Any CPU
		{D309D017-5F45-424F-84D7-A7DD2C79418A}.Release|Any CPU.Build.0 = Release|Any CPU
		{70E19E15-56C8-4161-A9D4-A7ACC07CD1C3}.Debug|Any CPU.ActiveCfg = Debug|Any CPU
		{70E19E15-56C8-4161-A9D4-A7ACC07CD1C3}.Debug|Any CPU.Build.0 = Debug|Any CPU
		{70E19E15-56C8-4161-A9D4-A7ACC07CD1C3}.Release|Any CPU.ActiveCfg = Release|Any CPU
		{70E19E15-56C8-4161-A9D4-A7ACC07CD1C3}.Release|Any CPU.Build.0 = Release|Any CPU
		{3FF56715-E878-4A54-974A-541833A7AC28}.Debug|Any CPU.ActiveCfg = Debug|Any CPU
		{3FF56715-E878-4A54-974A-541833A7AC28}.Debug|Any CPU.Build.0 = Debug|Any CPU
		{3FF56715-E878-4A54-974A-541833A7AC28}.Release|Any CPU.ActiveCfg = Release|Any CPU
		{3FF56715-E878-4A54-974A-541833A7AC28}.Release|Any CPU.Build.0 = Release|Any CPU
		{85B5BE26-01B3-4423-A676-73323AAAF298}.Debug|Any CPU.ActiveCfg = Debug|Any CPU
		{85B5BE26-01B3-4423-A676-73323AAAF298}.Debug|Any CPU.Build.0 = Debug|Any CPU
		{85B5BE26-01B3-4423-A676-73323AAAF298}.Release|Any CPU.ActiveCfg = Release|Any CPU
		{85B5BE26-01B3-4423-A676-73323AAAF298}.Release|Any CPU.Build.0 = Release|Any CPU
		{8CB5CC2B-373A-45BF-A5C2-BAF8E7F0731D}.Debug|Any CPU.ActiveCfg = Debug|Any CPU
		{8CB5CC2B-373A-45BF-A5C2-BAF8E7F0731D}.Debug|Any CPU.Build.0 = Debug|Any CPU
		{8CB5CC2B-373A-45BF-A5C2-BAF8E7F0731D}.Release|Any CPU.ActiveCfg = Release|Any CPU
		{8CB5CC2B-373A-45BF-A5C2-BAF8E7F0731D}.Release|Any CPU.Build.0 = Release|Any CPU
		{5D66B201-89DD-4709-A4C2-C7EA19A58E51}.Debug|Any CPU.ActiveCfg = Debug|Any CPU
		{5D66B201-89DD-4709-A4C2-C7EA19A58E51}.Debug|Any CPU.Build.0 = Debug|Any CPU
		{5D66B201-89DD-4709-A4C2-C7EA19A58E51}.Release|Any CPU.ActiveCfg = Release|Any CPU
		{5D66B201-89DD-4709-A4C2-C7EA19A58E51}.Release|Any CPU.Build.0 = Release|Any CPU
		{E431B6E0-DB54-445F-9B0B-41F944CB7139}.Debug|Any CPU.ActiveCfg = Debug|Any CPU
		{E431B6E0-DB54-445F-9B0B-41F944CB7139}.Debug|Any CPU.Build.0 = Debug|Any CPU
		{E431B6E0-DB54-445F-9B0B-41F944CB7139}.Release|Any CPU.ActiveCfg = Release|Any CPU
		{E431B6E0-DB54-445F-9B0B-41F944CB7139}.Release|Any CPU.Build.0 = Release|Any CPU
		{845219E6-3757-4DAC-B809-95666ABC8975}.Debug|Any CPU.ActiveCfg = Debug|Any CPU
		{845219E6-3757-4DAC-B809-95666ABC8975}.Debug|Any CPU.Build.0 = Debug|Any CPU
		{845219E6-3757-4DAC-B809-95666ABC8975}.Release|Any CPU.ActiveCfg = Release|Any CPU
		{845219E6-3757-4DAC-B809-95666ABC8975}.Release|Any CPU.Build.0 = Release|Any CPU
		{332325E1-3EEC-49EA-8F41-BF0454232896}.Debug|Any CPU.ActiveCfg = Debug|Any CPU
		{332325E1-3EEC-49EA-8F41-BF0454232896}.Debug|Any CPU.Build.0 = Debug|Any CPU
		{332325E1-3EEC-49EA-8F41-BF0454232896}.Release|Any CPU.ActiveCfg = Release|Any CPU
		{332325E1-3EEC-49EA-8F41-BF0454232896}.Release|Any CPU.Build.0 = Release|Any CPU
		{D7C991A2-8E08-4C0D-8378-420209E78B7C}.Debug|Any CPU.ActiveCfg = Debug|Any CPU
		{D7C991A2-8E08-4C0D-8378-420209E78B7C}.Debug|Any CPU.Build.0 = Debug|Any CPU
		{D7C991A2-8E08-4C0D-8378-420209E78B7C}.Release|Any CPU.ActiveCfg = Release|Any CPU
		{D7C991A2-8E08-4C0D-8378-420209E78B7C}.Release|Any CPU.Build.0 = Release|Any CPU
		{DEE4BCEA-5163-4F92-83E4-6C46F481F5DD}.Debug|Any CPU.ActiveCfg = Debug|Any CPU
		{DEE4BCEA-5163-4F92-83E4-6C46F481F5DD}.Debug|Any CPU.Build.0 = Debug|Any CPU
		{DEE4BCEA-5163-4F92-83E4-6C46F481F5DD}.Release|Any CPU.ActiveCfg = Release|Any CPU
		{DEE4BCEA-5163-4F92-83E4-6C46F481F5DD}.Release|Any CPU.Build.0 = Release|Any CPU
		{79208846-4E01-4243-95EF-BFCC77E974A7}.Debug|Any CPU.ActiveCfg = Debug|Any CPU
		{79208846-4E01-4243-95EF-BFCC77E974A7}.Debug|Any CPU.Build.0 = Debug|Any CPU
		{79208846-4E01-4243-95EF-BFCC77E974A7}.Release|Any CPU.ActiveCfg = Release|Any CPU
		{79208846-4E01-4243-95EF-BFCC77E974A7}.Release|Any CPU.Build.0 = Release|Any CPU
		{D4D4DC76-21FF-4639-93D7-65C62AE36C81}.Debug|Any CPU.ActiveCfg = Debug|Any CPU
		{D4D4DC76-21FF-4639-93D7-65C62AE36C81}.Debug|Any CPU.Build.0 = Debug|Any CPU
		{D4D4DC76-21FF-4639-93D7-65C62AE36C81}.Release|Any CPU.ActiveCfg = Release|Any CPU
		{D4D4DC76-21FF-4639-93D7-65C62AE36C81}.Release|Any CPU.Build.0 = Release|Any CPU
		{4213D08F-0E59-4285-BD65-87C5B6D9E600}.Debug|Any CPU.ActiveCfg = Debug|Any CPU
		{4213D08F-0E59-4285-BD65-87C5B6D9E600}.Debug|Any CPU.Build.0 = Debug|Any CPU
		{4213D08F-0E59-4285-BD65-87C5B6D9E600}.Release|Any CPU.ActiveCfg = Release|Any CPU
		{4213D08F-0E59-4285-BD65-87C5B6D9E600}.Release|Any CPU.Build.0 = Release|Any CPU
		{BB946BFD-5893-4BF2-9F82-66BF470FF632}.Debug|Any CPU.ActiveCfg = Debug|Any CPU
		{BB946BFD-5893-4BF2-9F82-66BF470FF632}.Debug|Any CPU.Build.0 = Debug|Any CPU
		{BB946BFD-5893-4BF2-9F82-66BF470FF632}.Release|Any CPU.ActiveCfg = Release|Any CPU
		{BB946BFD-5893-4BF2-9F82-66BF470FF632}.Release|Any CPU.Build.0 = Release|Any CPU
		{661CB7FC-7A47-4BF3-81CF-54530CAFA662}.Debug|Any CPU.ActiveCfg = Debug|Any CPU
		{661CB7FC-7A47-4BF3-81CF-54530CAFA662}.Debug|Any CPU.Build.0 = Debug|Any CPU
		{661CB7FC-7A47-4BF3-81CF-54530CAFA662}.Release|Any CPU.ActiveCfg = Release|Any CPU
		{661CB7FC-7A47-4BF3-81CF-54530CAFA662}.Release|Any CPU.Build.0 = Release|Any CPU
		{B93C43CF-DC0A-418E-B78B-7138A613AC16}.Debug|Any CPU.ActiveCfg = Debug|Any CPU
		{B93C43CF-DC0A-418E-B78B-7138A613AC16}.Debug|Any CPU.Build.0 = Debug|Any CPU
		{B93C43CF-DC0A-418E-B78B-7138A613AC16}.Release|Any CPU.ActiveCfg = Release|Any CPU
		{B93C43CF-DC0A-418E-B78B-7138A613AC16}.Release|Any CPU.Build.0 = Release|Any CPU
		{2DFCA60B-5763-4E68-8554-33E92643D107}.Debug|Any CPU.ActiveCfg = Debug|Any CPU
		{2DFCA60B-5763-4E68-8554-33E92643D107}.Debug|Any CPU.Build.0 = Debug|Any CPU
		{2DFCA60B-5763-4E68-8554-33E92643D107}.Release|Any CPU.ActiveCfg = Release|Any CPU
		{2DFCA60B-5763-4E68-8554-33E92643D107}.Release|Any CPU.Build.0 = Release|Any CPU
		{FD9082C4-8024-4964-82BC-BE62FBD240F0}.Debug|Any CPU.ActiveCfg = Debug|Any CPU
		{FD9082C4-8024-4964-82BC-BE62FBD240F0}.Debug|Any CPU.Build.0 = Debug|Any CPU
		{FD9082C4-8024-4964-82BC-BE62FBD240F0}.Release|Any CPU.ActiveCfg = Release|Any CPU
		{FD9082C4-8024-4964-82BC-BE62FBD240F0}.Release|Any CPU.Build.0 = Release|Any CPU
		{C87578C3-801D-43C4-BFCC-3AACFCE068A9}.Debug|Any CPU.ActiveCfg = Debug|Any CPU
		{C87578C3-801D-43C4-BFCC-3AACFCE068A9}.Debug|Any CPU.Build.0 = Debug|Any CPU
		{C87578C3-801D-43C4-BFCC-3AACFCE068A9}.Release|Any CPU.ActiveCfg = Release|Any CPU
		{C87578C3-801D-43C4-BFCC-3AACFCE068A9}.Release|Any CPU.Build.0 = Release|Any CPU
		{ACC5328E-9866-4E51-9633-946303E5CAC4}.Debug|Any CPU.ActiveCfg = Debug|Any CPU
		{ACC5328E-9866-4E51-9633-946303E5CAC4}.Debug|Any CPU.Build.0 = Debug|Any CPU
		{ACC5328E-9866-4E51-9633-946303E5CAC4}.Release|Any CPU.ActiveCfg = Release|Any CPU
		{ACC5328E-9866-4E51-9633-946303E5CAC4}.Release|Any CPU.Build.0 = Release|Any CPU
		{AB15DEF6-5E09-4038-8104-9666BD14A04B}.Debug|Any CPU.ActiveCfg = Debug|Any CPU
		{AB15DEF6-5E09-4038-8104-9666BD14A04B}.Debug|Any CPU.Build.0 = Debug|Any CPU
		{AB15DEF6-5E09-4038-8104-9666BD14A04B}.Release|Any CPU.ActiveCfg = Release|Any CPU
		{AB15DEF6-5E09-4038-8104-9666BD14A04B}.Release|Any CPU.Build.0 = Release|Any CPU
		{5345D018-B182-4C27-9328-A053411F6A78}.Debug|Any CPU.ActiveCfg = Debug|Any CPU
		{5345D018-B182-4C27-9328-A053411F6A78}.Debug|Any CPU.Build.0 = Debug|Any CPU
		{5345D018-B182-4C27-9328-A053411F6A78}.Release|Any CPU.ActiveCfg = Release|Any CPU
		{5345D018-B182-4C27-9328-A053411F6A78}.Release|Any CPU.Build.0 = Release|Any CPU
		{86FCFF77-2EFE-42E2-BFA3-14954301731A}.Debug|Any CPU.ActiveCfg = Debug|Any CPU
		{86FCFF77-2EFE-42E2-BFA3-14954301731A}.Debug|Any CPU.Build.0 = Debug|Any CPU
		{86FCFF77-2EFE-42E2-BFA3-14954301731A}.Release|Any CPU.ActiveCfg = Release|Any CPU
		{86FCFF77-2EFE-42E2-BFA3-14954301731A}.Release|Any CPU.Build.0 = Release|Any CPU
	EndGlobalSection
	GlobalSection(SolutionProperties) = preSolution
		HideSolutionNode = FALSE
	EndGlobalSection
	GlobalSection(NestedProjects) = preSolution
		{D309D017-5F45-424F-84D7-A7DD2C79418A} = {6076A9D8-B896-45E7-9E40-3A27B424E09E}
		{70E19E15-56C8-4161-A9D4-A7ACC07CD1C3} = {6076A9D8-B896-45E7-9E40-3A27B424E09E}
		{3FF56715-E878-4A54-974A-541833A7AC28} = {6076A9D8-B896-45E7-9E40-3A27B424E09E}
		{85B5BE26-01B3-4423-A676-73323AAAF298} = {6076A9D8-B896-45E7-9E40-3A27B424E09E}
		{8CB5CC2B-373A-45BF-A5C2-BAF8E7F0731D} = {6076A9D8-B896-45E7-9E40-3A27B424E09E}
		{5D66B201-89DD-4709-A4C2-C7EA19A58E51} = {6076A9D8-B896-45E7-9E40-3A27B424E09E}
		{E431B6E0-DB54-445F-9B0B-41F944CB7139} = {6076A9D8-B896-45E7-9E40-3A27B424E09E}
		{845219E6-3757-4DAC-B809-95666ABC8975} = {6076A9D8-B896-45E7-9E40-3A27B424E09E}
		{332325E1-3EEC-49EA-8F41-BF0454232896} = {6076A9D8-B896-45E7-9E40-3A27B424E09E}
		{D7C991A2-8E08-4C0D-8378-420209E78B7C} = {6076A9D8-B896-45E7-9E40-3A27B424E09E}
		{94CCDC3B-AF2E-448D-B590-A5E1C9DF8C73} = {05698DC1-37CD-4F9D-BB1D-994843F547D2}
		{661CB7FC-7A47-4BF3-81CF-54530CAFA662} = {94CCDC3B-AF2E-448D-B590-A5E1C9DF8C73}
		{B93C43CF-DC0A-418E-B78B-7138A613AC16} = {94CCDC3B-AF2E-448D-B590-A5E1C9DF8C73}
		{2DFCA60B-5763-4E68-8554-33E92643D107} = {FB9A3FF2-0D20-41C0-AEB1-886E0F7F4EE8}
		{FD9082C4-8024-4964-82BC-BE62FBD240F0} = {FB9A3FF2-0D20-41C0-AEB1-886E0F7F4EE8}
		{C87578C3-801D-43C4-BFCC-3AACFCE068A9} = {FB9A3FF2-0D20-41C0-AEB1-886E0F7F4EE8}
		{ACC5328E-9866-4E51-9633-946303E5CAC4} = {FB9A3FF2-0D20-41C0-AEB1-886E0F7F4EE8}
		{AB15DEF6-5E09-4038-8104-9666BD14A04B} = {FB9A3FF2-0D20-41C0-AEB1-886E0F7F4EE8}
		{5345D018-B182-4C27-9328-A053411F6A78} = {FB9A3FF2-0D20-41C0-AEB1-886E0F7F4EE8}
		{86FCFF77-2EFE-42E2-BFA3-14954301731A} = {FB9A3FF2-0D20-41C0-AEB1-886E0F7F4EE8}
	EndGlobalSection
	GlobalSection(ExtensibilityGlobals) = postSolution
		SolutionGuid = {ECCC6470-82B9-4366-A25D-187FE672BB0C}
	EndGlobalSection
EndGlobal
