
Microsoft Visual Studio Solution File, Format Version 12.00
# Visual Studio Version 17
VisualStudioVersion = 17.11.35312.102
MinimumVisualStudioVersion = 10.0.40219.1
Project("{FAE04EC0-301F-11D3-BF4B-00C04F79EFBC}") = "Day3 - Arrays", "Day3 - Arrays\Day3 - Arrays.csproj", "{672351FF-F139-4F29-ABED-7C640B1901F1}"
EndProject
Project("{FAE04EC0-301F-11D3-BF4B-00C04F79EFBC}") = "day3-array resizing", "day3-array resizing\day3-array resizing.csproj", "{24B3E99E-465D-4557-8FB0-65187EED0504}"
EndProject
Project("{FAE04EC0-301F-11D3-BF4B-00C04F79EFBC}") = "Day3-Switch Case", "Day3-Switch Case\Day3-Switch Case.csproj", "{9D09F5ED-6729-4848-B384-C18952704793}"
EndProject
Project("{FAE04EC0-301F-11D3-BF4B-00C04F79EFBC}") = "Day3-StringFunctions", "StringFunctions\Day3-StringFunctions.csproj", "{3ABE4681-F842-43E2-A1CE-172917F1C7D5}"
EndProject
Project("{FAE04EC0-301F-11D3-BF4B-00C04F79EFBC}") = "Day4-Functions", "Day4-Functions\Day4-Functions.csproj", "{95B3CB2B-0059-49DC-9442-650E34C38129}"
EndProject
Project("{FAE04EC0-301F-11D3-BF4B-00C04F79EFBC}") = "Day4-String", "Day4-String\Day4-String.csproj", "{9191B73B-C5B3-40D0-A79A-12E8D0A5F21E}"
EndProject
Project("{FAE04EC0-301F-11D3-BF4B-00C04F79EFBC}") = "Task2-Oddeven numbers", "Task2-Oddeven numbers\Task2-Oddeven numbers.csproj", "{BF4D77E4-83A7-418B-B9B0-91B1EEAA948A}"
EndProject
Project("{FAE04EC0-301F-11D3-BF4B-00C04F79EFBC}") = "Task3-Palindrome", "Task3-Palindrome\Task3-Palindrome.csproj", "{1F35C19B-AA1C-41F8-9B76-52351C7C700E}"
EndProject
Project("{FAE04EC0-301F-11D3-BF4B-00C04F79EFBC}") = "Task4-Calculator", "Task4-Calculator\Task4-Calculator.csproj", "{FCC8DCD3-D473-4843-80FD-ED1190FDD471}"
EndProject
Project("{FAE04EC0-301F-11D3-BF4B-00C04F79EFBC}") = "Day3 assignment 1(Swapping elements)", "Day3 assignment 1\Day3 assignment 1(Swapping elements).csproj", "{E6FFC6A2-11FF-4264-901C-39FE200D91E8}"
EndProject
Project("{FAE04EC0-301F-11D3-BF4B-00C04F79EFBC}") = "Day3-Task1(uppercase and lowercase)", "Day3-Task1\Day3-Task1(uppercase and lowercase).csproj", "{F18CB6C3-E8E6-4F89-A702-F209CEC41DC6}"
EndProject
Project("{FAE04EC0-301F-11D3-BF4B-00C04F79EFBC}") = "Task5 - Word replacing", "Task5 - Word replacing\Task5 - Word replacing.csproj", "{75C6B517-6B89-40D0-9488-7DD845EFFE18}"
EndProject
Project("{FAE04EC0-301F-11D3-BF4B-00C04F79EFBC}") = "Task7-Pattern printing", "Task7-Pattern printing\Task7-Pattern printing.csproj", "{1A6F5D67-7834-445A-9045-AA387DB16295}"
EndProject
Project("{FAE04EC0-301F-11D3-BF4B-00C04F79EFBC}") = "Task8 - Number printing", "Task8 - Number printing\Task8 - Number printing.csproj", "{CF02EDA3-FCF3-47D7-9E84-50ECDF6FBF96}"
EndProject
Project("{FAE04EC0-301F-11D3-BF4B-00C04F79EFBC}") = "Task9-Number printing 2", "Task9-Number printing 2\Task9-Number printing 2.csproj", "{9FFCEC11-9DF6-47FD-81D7-5BD5AF46BC99}"
EndProject
Project("{FAE04EC0-301F-11D3-BF4B-00C04F79EFBC}") = "Day3-assignment2(Rectangle printing)", "Day3-assignment2(Rectangle printing)\Day3-assignment2(Rectangle printing).csproj", "{A973FA1C-1E68-4F99-B40D-5861FC7F5267}"
EndProject
Project("{FAE04EC0-301F-11D3-BF4B-00C04F79EFBC}") = "Task1-Natural numbers", "Task1-Natural numbers\Task1-Natural numbers.csproj", "{CA353CFD-365D-4C75-8598-592C96F430B6}"
EndProject
Project("{FAE04EC0-301F-11D3-BF4B-00C04F79EFBC}") = "Task 6-Word checking", "Task 6-Word checking\Task 6-Word checking.csproj", "{3D39BD4B-898A-4B78-BEC9-AA5538577C02}"
EndProject
Project("{2150E333-8FDC-42A3-9474-1A3956D46DE8}") = "Day5", "Day5", "{6076A9D8-B896-45E7-9E40-3A27B424E09E}"
EndProject
Project("{FAE04EC0-301F-11D3-BF4B-00C04F79EFBC}") = "Day 5.1-Namespace", "Day 5.1-Namespace\Day 5.1-Namespace.csproj", "{D309D017-5F45-424F-84D7-A7DD2C79418A}"
EndProject
Project("{FAE04EC0-301F-11D3-BF4B-00C04F79EFBC}") = "Day5.2-Date And Time", "Day5.2-Date And Time\Day5.2-Date And Time.csproj", "{70E19E15-56C8-4161-A9D4-A7ACC07CD1C3}"
EndProject
Project("{FAE04EC0-301F-11D3-BF4B-00C04F79EFBC}") = "Day5 task1", "Day5 task1\Day5 task1.csproj", "{3FF56715-E878-4A54-974A-541833A7AC28}"
EndProject
Project("{FAE04EC0-301F-11D3-BF4B-00C04F79EFBC}") = "Day 5.3-List", "Day 5.3-List\Day 5.3-List.csproj", "{85B5BE26-01B3-4423-A676-73323AAAF298}"
EndProject
Project("{FAE04EC0-301F-11D3-BF4B-00C04F79EFBC}") = "Day5 task 2", "Day5 task 2\Day5 task 2.csproj", "{8CB5CC2B-373A-45BF-A5C2-BAF8E7F0731D}"
EndProject
Project("{FAE04EC0-301F-11D3-BF4B-00C04F79EFBC}") = "Day5 task 3", "Day5 task 3\Day5 task 3.csproj", "{5D66B201-89DD-4709-A4C2-C7EA19A58E51}"
EndProject
Project("{FAE04EC0-301F-11D3-BF4B-00C04F79EFBC}") = "Day5 task 4", "Day5 task 4\Day5 task 4.csproj", "{E431B6E0-DB54-445F-9B0B-41F944CB7139}"
EndProject
Project("{FAE04EC0-301F-11D3-BF4B-00C04F79EFBC}") = "Day 5.4 Nested_List", "Day 5.4 Nested_List\Day 5.4 Nested_List.csproj", "{845219E6-3757-4DAC-B809-95666ABC8975}"
EndProject
Project("{FAE04EC0-301F-11D3-BF4B-00C04F79EFBC}") = "Day 5.5 Dictionary", "Day 5.5 Dictionary\Day 5.5 Dictionary.csproj", "{332325E1-3EEC-49EA-8F41-BF0454232896}"
EndProject
Project("{FAE04EC0-301F-11D3-BF4B-00C04F79EFBC}") = "Day 5 task 5", "Day 5 task 5\Day 5 task 5.csproj", "{D7C991A2-8E08-4C0D-8378-420209E78B7C}"
EndProject
Project("{FAE04EC0-301F-11D3-BF4B-00C04F79EFBC}") = "DAY9-Valuetype and Referencetype", "DAY9\DAY9-Valuetype and Referencetype.csproj", "{DEE4BCEA-5163-4F92-83E4-6C46F481F5DD}"
EndProject
Project("{FAE04EC0-301F-11D3-BF4B-00C04F79EFBC}") = "Day9-Task 1", "Day9-Task 1\Day9-Task 1.csproj", "{79208846-4E01-4243-95EF-BFCC77E974A7}"
EndProject
Project("{FAE04EC0-301F-11D3-BF4B-00C04F79EFBC}") = "Day9-Task 2", "Day9-Task 2\Day9-Task 2.csproj", "{D4D4DC76-21FF-4639-93D7-65C62AE36C81}"
EndProject
Project("{FAE04EC0-301F-11D3-BF4B-00C04F79EFBC}") = "Day9-array resizing", "Day9-array resizing\Day9-array resizing.csproj", "{4213D08F-0E59-4285-BD65-87C5B6D9E600}"
EndProject
Project("{FAE04EC0-301F-11D3-BF4B-00C04F79EFBC}") = "Day10", "Day10\Day10.csproj", "{BB946BFD-5893-4BF2-9F82-66BF470FF632}"
EndProject
Project("{2150E333-8FDC-42A3-9474-1A3956D46DE8}") = "Assessments", "Assessments", "{05698DC1-37CD-4F9D-BB1D-994843F547D2}"
EndProject
Project("{2150E333-8FDC-42A3-9474-1A3956D46DE8}") = "Assessment 1", "Assessment 1", "{94CCDC3B-AF2E-448D-B590-A5E1C9DF8C73}"
EndProject
Project("{FAE04EC0-301F-11D3-BF4B-00C04F79EFBC}") = "HospitalManagementSystem", "HospitalManagementSystem\HospitalManagementSystem.csproj", "{661CB7FC-7A47-4BF3-81CF-54530CAFA662}"
EndProject
Project("{FAE04EC0-301F-11D3-BF4B-00C04F79EFBC}") = "Test1", "Assessment\Assessment 1\Test1\Test1.csproj", "{B93C43CF-DC0A-418E-B78B-7138A613AC16}"
EndProject
Project("{2150E333-8FDC-42A3-9474-1A3956D46DE8}") = "Day 11", "Day 11", "{FB9A3FF2-0D20-41C0-AEB1-886E0F7F4EE8}"
EndProject
Project("{FAE04EC0-301F-11D3-BF4B-00C04F79EFBC}") = "Oops Concept", "Oops Concept\Oops Concept.csproj", "{2DFCA60B-5763-4E68-8554-33E92643D107}"
EndProject
Project("{FAE04EC0-301F-11D3-BF4B-00C04F79EFBC}") = "Employee", "Employee\Employee.csproj", "{FD9082C4-8024-4964-82BC-BE62FBD240F0}"
EndProject
Project("{FAE04EC0-301F-11D3-BF4B-00C04F79EFBC}") = "Day11 - Task1", "Day11 - Task1\Day11 - Task1.csproj", "{C87578C3-801D-43C4-BFCC-3AACFCE068A9}"
EndProject
Project("{FAE04EC0-301F-11D3-BF4B-00C04F79EFBC}") = "Day11-Task2", "Day11-Task2\Day11-Task2.csproj", "{ACC5328E-9866-4E51-9633-946303E5CAC4}"
EndProject
Project("{FAE04EC0-301F-11D3-BF4B-00C04F79EFBC}") = "Day11 - Task3", "Day11 - Task3\Day11 - Task3.csproj", "{AB15DEF6-5E09-4038-8104-9666BD14A04B}"
EndProject
Project("{FAE04EC0-301F-11D3-BF4B-00C04F79EFBC}") = "Day11-Task4", "Day11-Task4\Day11-Task4.csproj", "{5345D018-B182-4C27-9328-A053411F6A78}"
EndProject
Project("{FAE04EC0-301F-11D3-BF4B-00C04F79EFBC}") = "Day11-Task 5", "Day11-Task 5\Day11-Task 5.csproj", "{86FCFF77-2EFE-42E2-BFA3-14954301731A}"
EndProject
Project("{FAE04EC0-301F-11D3-BF4B-00C04F79EFBC}") = "Day11-Assignment", "Day11-Assignment\Day11-Assignment.csproj", "{2C2E6030-23C0-4EB9-8730-BB455C28162C}"
EndProject
Project("{2150E333-8FDC-42A3-9474-1A3956D46DE8}") = "Day12", "Day12", "{78FF7AA9-1941-4ED1-938A-276D863567C4}"
EndProject
Project("{FAE04EC0-301F-11D3-BF4B-00C04F79EFBC}") = "Day12 Task1", "Day12 Task1\Day12 Task1.csproj", "{1B7BEBCF-5691-4F48-87C2-AFDD81E68D9A}"
EndProject
Project("{FAE04EC0-301F-11D3-BF4B-00C04F79EFBC}") = "properties", "propertis\properties.csproj", "{970BD19B-99B4-4748-9603-F27757BD509F}"
EndProject
Project("{FAE04EC0-301F-11D3-BF4B-00C04F79EFBC}") = "Day12 Task", "Day12 Task\Day12 Task.csproj", "{F97E33E4-5908-4FA7-8E64-20D775902275}"
EndProject
Project("{FAE04EC0-301F-11D3-BF4B-00C04F79EFBC}") = "Inheritance", "Inheritance\Inheritance.csproj", "{786935B9-E0A1-4AF7-B367-8415B1DA652E}"
EndProject
Project("{FAE04EC0-301F-11D3-BF4B-00C04F79EFBC}") = "Task2", "Task2\Task2.csproj", "{E4D30A9B-40CF-4106-8DAF-25F6FC58809A}"
EndProject
Project("{2150E333-8FDC-42A3-9474-1A3956D46DE8}") = "Day13", "Day13", "{735BDA86-F7F1-4882-BB4A-7A9701A1E6F0}"
EndProject
Project("{FAE04EC0-301F-11D3-BF4B-00C04F79EFBC}") = "Constructor", "Constructor\Constructor.csproj", "{09FF2210-674D-4346-96C0-5F6A944CBD6D}"
EndProject
Project("{FAE04EC0-301F-11D3-BF4B-00C04F79EFBC}") = "Directory", "Directory\Directory.csproj", "{4DD883F4-0C4E-498C-86AA-6513B87886D4}"
EndProject
Project("{FAE04EC0-301F-11D3-BF4B-00C04F79EFBC}") = "day13 - ENUM", "day13 - ENUM\day13 - ENUM.csproj", "{A2A43692-2AFD-4BE2-8E3E-DA9431D8BC2E}"
EndProject
Project("{2150E333-8FDC-42A3-9474-1A3956D46DE8}") = "Day 14", "Day 14", "{1960F564-7F9F-400B-9B25-E07D12577B1A}"
EndProject
Project("{FAE04EC0-301F-11D3-BF4B-00C04F79EFBC}") = "Abstract", "Day 14\ConsoleApp1\Abstract.csproj", "{220A3DF5-F3B0-454B-8D97-F6700B044A9C}"
EndProject
Project("{FAE04EC0-301F-11D3-BF4B-00C04F79EFBC}") = "Action Delegate", "Day 14\Action Delegate\Action Delegate.csproj", "{7E13A704-7B22-460B-84BA-C4095A7CC76F}"
EndProject
Project("{FAE04EC0-301F-11D3-BF4B-00C04F79EFBC}") = "FunctionDelegate", "Day 14\FunctionDelegate\FunctionDelegate.csproj", "{577EB848-4C89-4F98-A178-75F8747B74E3}"
EndProject
Project("{FAE04EC0-301F-11D3-BF4B-00C04F79EFBC}") = "Predicate", "Day 14\Predicate\Predicate.csproj", "{999EC9A8-9A51-4809-B4A6-ECBC61B7787C}"
EndProject
Project("{FAE04EC0-301F-11D3-BF4B-00C04F79EFBC}") = "TaskDelegate", "Day 14\TaskDelegate\TaskDelegate.csproj", "{7D69A393-3D68-4A74-A607-5E01C41482C5}"
EndProject
Project("{FAE04EC0-301F-11D3-BF4B-00C04F79EFBC}") = "Delegate", "Day 14\Delegate\Delegate.csproj", "{23F14D9A-7DF0-4BA6-B42C-FCBC18759B16}"
EndProject
Project("{FAE04EC0-301F-11D3-BF4B-00C04F79EFBC}") = "CheckinguUingPredicate", "Day 14\CheckinguUingPredicate\CheckinguUingPredicate.csproj", "{B5166DAF-2715-4D85-BA7B-1C3F7AEBDAB3}"
EndProject
Project("{FAE04EC0-301F-11D3-BF4B-00C04F79EFBC}") = "Assignment1", "Day 14\Assignments\Assignment1\Assignment1.csproj", "{7F605ED6-D04E-4BCD-AA69-7A81E9F040F2}"
EndProject
Project("{FAE04EC0-301F-11D3-BF4B-00C04F79EFBC}") = "Assignment 2", "Day 14\Assignments\Assignment2\Assignment 2\Assignment 2.csproj", "{BC154B60-A71A-412D-A1E8-A2A3FC5E4386}"
EndProject
Project("{FAE04EC0-301F-11D3-BF4B-00C04F79EFBC}") = "Assignment 3", "Day 14\Assignments\Assignment3\Assignment 3\Assignment 3.csproj", "{254A28FA-E97A-4E32-AB58-73D50427B501}"
EndProject
Project("{FAE04EC0-301F-11D3-BF4B-00C04F79EFBC}") = "Assignment 4", "Day 14\Assignments\Assignment4\Assignment 4\Assignment 4.csproj", "{3ED51B61-A8D0-48E1-98D4-D26A513DF6F7}"
EndProject
Project("{FAE04EC0-301F-11D3-BF4B-00C04F79EFBC}") = "Assignment 5", "Day 14\Assignments\Assignment5\Assignment 5\Assignment 5.csproj", "{01947776-4B78-4C49-B151-D4585BC4F521}"
EndProject
Project("{FAE04EC0-301F-11D3-BF4B-00C04F79EFBC}") = "Assignment6", "Day 14\Assignments\Assignment6\Assignment6\Assignment6.csproj", "{A65D374F-1B40-42EB-BDB8-0BE18937AE76}"
EndProject
Project("{FAE04EC0-301F-11D3-BF4B-00C04F79EFBC}") = "Assignment7", "Day 14\Assignments\Assignment 7\Assignment7\Assignment7.csproj", "{25CE857F-597C-4EB4-98E4-F706B7E06D1A}"
EndProject
Project("{FAE04EC0-301F-11D3-BF4B-00C04F79EFBC}") = "Assignment 8", "Day 14\Assignments\Assignment8\Assignment 8\Assignment 8.csproj", "{724D27A7-817C-4A25-992C-B0BD5C2ADCD3}"
EndProject
Project("{FAE04EC0-301F-11D3-BF4B-00C04F79EFBC}") = "Assignment9", "Day 14\Assignments\Assignment9\Assignment9\Assignment9.csproj", "{79BA5040-6F3C-4777-850C-EC6B631B3FFC}"
EndProject
Project("{FAE04EC0-301F-11D3-BF4B-00C04F79EFBC}") = "Assignment 10", "Day 14\Assignments\Assignment10\Assignment 10\Assignment 10.csproj", "{7D43CC17-73D7-4CF9-9CE4-DEACFE3CE892}"
EndProject
Project("{FAE04EC0-301F-11D3-BF4B-00C04F79EFBC}") = "Assignment 11", "Day 14\Assignments\Assignment11\Assignment 11\Assignment 11.csproj", "{5018BFD5-F2F3-446F-AFAB-CAE68F5D41B6}"
EndProject
Project("{FAE04EC0-301F-11D3-BF4B-00C04F79EFBC}") = "Assignment12", "Day 14\Assignments\Assignment12\Assignment12\Assignment12.csproj", "{2B3DB34D-ECA6-4DE3-A43B-115B5FC078FF}"
EndProject
Project("{FAE04EC0-301F-11D3-BF4B-00C04F79EFBC}") = "Assignment13", "Day 14\Assignments\Assignment13\Assignment13\Assignment13.csproj", "{63225056-CDA7-4085-BB3B-3B0BBBBE6C7A}"
EndProject
Project("{FAE04EC0-301F-11D3-BF4B-00C04F79EFBC}") = "Assignment14", "Day 14\Assignments\Assignment14\Assignment14\Assignment14.csproj", "{5A08726D-F27D-4C1C-869E-1D4B9C9CA391}"
EndProject
Project("{FAE04EC0-301F-11D3-BF4B-00C04F79EFBC}") = "Assignment 15", "Day 14\Assignments\Assignment15\Assignment 15\Assignment 15.csproj", "{F0E0017C-1DFD-4BCD-A138-89DC9C4A98F8}"
EndProject
Project("{FAE04EC0-301F-11D3-BF4B-00C04F79EFBC}") = "Assignment16", "Day 14\Assignments\Assignment16\Assignment16\Assignment16.csproj", "{8D8EA887-42CF-450E-96BC-6DCF103F34F6}"
EndProject
Project("{2150E333-8FDC-42A3-9474-1A3956D46DE8}") = "Day 15", "Day 15", "{128A726E-2D2F-4FEC-9CB7-3D8A18E34417}"
EndProject
Project("{FAE04EC0-301F-11D3-BF4B-00C04F79EFBC}") = "LINQ task 1", "Day 15\LINQ task 1\LINQ task 1.csproj", "{48B289AA-5CE9-489E-A28C-C50BA8D307E6}"
EndProject
Project("{FAE04EC0-301F-11D3-BF4B-00C04F79EFBC}") = "LINQ", "Day 15\LINQ\LINQ.csproj", "{AC6B805B-30B6-457D-B269-5CAD152BF519}"
EndProject
Project("{FAE04EC0-301F-11D3-BF4B-00C04F79EFBC}") = "Class", "Day 15\Class\Class.csproj", "{0292E88E-CF31-49EC-99E3-F3E4771ACB17}"
EndProject
Project("{FAE04EC0-301F-11D3-BF4B-00C04F79EFBC}") = "Assignment 1", "Day 15\Assignments\Assignment 1\Assignment 1.csproj", "{B45F5638-D210-407D-AE18-1215E3442BCA}"
EndProject
Project("{FAE04EC0-301F-11D3-BF4B-00C04F79EFBC}") = "Assignment 2", "Day 15\Assignments\Assignment 2\Assignment 2.csproj", "{32C8E460-CC67-41D4-A6D8-ABC6EE166CDF}"
EndProject
Project("{FAE04EC0-301F-11D3-BF4B-00C04F79EFBC}") = "Assignment 3", "Day 15\Assignments\Assignment 3\Assignment 3.csproj", "{4C31C225-FEE9-412B-947E-9E36BF7B77FF}"
EndProject
Project("{FAE04EC0-301F-11D3-BF4B-00C04F79EFBC}") = "Assignment 4", "Day 15\Assignments\Assignment 4\Assignment 4.csproj", "{F1437017-B7F4-42AC-857B-7C4825A07651}"
EndProject
Project("{FAE04EC0-301F-11D3-BF4B-00C04F79EFBC}") = "Assignment 5", "Day 15\Assignments\Assignment 5\Assignment 5.csproj", "{259D89B6-3195-4F11-943A-173D5A047C94}"
EndProject
Project("{FAE04EC0-301F-11D3-BF4B-00C04F79EFBC}") = "Assignment 6", "Day 15\Assignments\Assignment 6\Assignment 6.csproj", "{850FD7DB-4545-48B7-BEF7-20D3B68A7337}"
EndProject
Project("{FAE04EC0-301F-11D3-BF4B-00C04F79EFBC}") = "Assignment 7", "Day 15\Assignments\Assignment 7\Assignment 7.csproj", "{40BD4B4E-74BC-43C0-A76C-B06EA68D41F9}"
EndProject
Project("{FAE04EC0-301F-11D3-BF4B-00C04F79EFBC}") = "Assignment 9", "Day 15\Assignments\Assignment 9\Assignment 9.csproj", "{1F806D6A-BD94-425A-AAE5-8A2FE44538DF}"
EndProject
Project("{FAE04EC0-301F-11D3-BF4B-00C04F79EFBC}") = "Assignment 8", "Day 15\Assignments\Assignment 8\Assignment 8.csproj", "{372527CC-D129-4535-BB3E-68D8F6680D03}"
EndProject
Project("{FAE04EC0-301F-11D3-BF4B-00C04F79EFBC}") = "Assignment 10", "Day 15\Assignments\Assignment 10\Assignment 10.csproj", "{0392AA0A-D304-4FAF-A302-98055789AF3D}"
EndProject
Project("{FAE04EC0-301F-11D3-BF4B-00C04F79EFBC}") = "Assignment 11", "Day 15\Assignments\Assignment 11\Assignment 11.csproj", "{80303432-DA2E-41CC-93AE-629EE1FE2050}"
EndProject
Project("{FAE04EC0-301F-11D3-BF4B-00C04F79EFBC}") = "Assignment 12", "Day 15\Assignments\Assignment 12\Assignment 12.csproj", "{289CA70F-DB70-41D1-85E5-73C8AD92A259}"
EndProject
Project("{FAE04EC0-301F-11D3-BF4B-00C04F79EFBC}") = "Assignment 13", "Day 15\Assignments\Assignment 13\Assignment 13.csproj", "{3EF8C9DF-9F5B-4831-BA54-251DC230B57E}"
EndProject
Project("{FAE04EC0-301F-11D3-BF4B-00C04F79EFBC}") = "Assignment 14", "Day 15\Assignments\Assignment 14\Assignment 14.csproj", "{E8AAEBF1-6F69-425D-B001-0190FECA3797}"
EndProject
Project("{FAE04EC0-301F-11D3-BF4B-00C04F79EFBC}") = "Assignment 15", "Day 15\Assignments\Assignment 15\Assignment 15.csproj", "{35FC0187-7061-4AF9-82D7-9402AFF92C5E}"
EndProject
Project("{FAE04EC0-301F-11D3-BF4B-00C04F79EFBC}") = "Assignment 16", "Day 15\Assignments\Assignment 16\Assignment 16.csproj", "{DB0B5BF0-4DE5-44BA-BC48-17207F146988}"
EndProject
Project("{FAE04EC0-301F-11D3-BF4B-00C04F79EFBC}") = "Assignment 17", "Day 15\Assignments\Assignment 17\Assignment 17.csproj", "{90210C34-6C1E-409A-B85E-C911FDA711DF}"
EndProject
Project("{FAE04EC0-301F-11D3-BF4B-00C04F79EFBC}") = "Assignment 18", "Day 15\Assignments\Assignment 18\Assignment 18.csproj", "{A9A21E82-CC40-43BC-8C55-ED08614AA552}"
EndProject
Project("{FAE04EC0-301F-11D3-BF4B-00C04F79EFBC}") = "Assignment 19", "Day 15\Assignments\Assignment 19\Assignment 19.csproj", "{DE13A6F5-F85D-490F-841C-590E2423151E}"
EndProject
Project("{FAE04EC0-301F-11D3-BF4B-00C04F79EFBC}") = "Assignment 20", "Day 15\Assignments\Assignment 20\Assignment 20.csproj", "{8695367D-D5F6-4C89-B004-28F8114F5172}"
EndProject
Project("{FAE04EC0-301F-11D3-BF4B-00C04F79EFBC}") = "Employee", "Day 15\Employee\Employee.csproj", "{BE0CE5D0-1DA3-4A4C-89B5-55C9DFFCDD46}"
EndProject
Project("{2150E333-8FDC-42A3-9474-1A3956D46DE8}") = "Extension methods", "Extension methods", "{AC49079E-DBA1-4661-A407-F4149BBF64AE}"
EndProject
Project("{FAE04EC0-301F-11D3-BF4B-00C04F79EFBC}") = "Extension", "Day 15\Extension\Extension.csproj", "{45701F51-FDE9-45FD-A9CA-45E937E373C1}"
EndProject
Project("{FAE04EC0-301F-11D3-BF4B-00C04F79EFBC}") = "Healthcare Management", "Day 15\Healthcare Management\Healthcare Management.csproj", "{833897E1-35A8-4751-B7AE-C156EDE1CC94}"
EndProject
Project("{2150E333-8FDC-42A3-9474-1A3956D46DE8}") = "Day 16", "Day 16", "{D0DFCD97-7CA1-47FF-9A5F-F32002D0BD7E}"
EndProject
Project("{FAE04EC0-301F-11D3-BF4B-00C04F79EFBC}") = "Signature", "Day 16\Signature\Signature.csproj", "{FB3DD63A-72BE-4004-B58A-1B08C8AFB30A}"
EndProject
Project("{FAE04EC0-301F-11D3-BF4B-00C04F79EFBC}") = "LibraryManagement", "Day 16\LibraryManagement\LibraryManagement.csproj", "{09AF36AE-171A-4330-B57E-D9DF372EEAD4}"
EndProject
Project("{FAE04EC0-301F-11D3-BF4B-00C04F79EFBC}") = "Generic dictionary", "Day 16\Generic dictionary\Generic dictionary.csproj", "{C27FC68E-8540-491F-8B32-AC248E508DC7}"
EndProject
Project("{FAE04EC0-301F-11D3-BF4B-00C04F79EFBC}") = "Task", "Day 16\Task\Task.csproj", "{E78C589B-E9C9-4668-80CB-0DD6B00DC556}"
EndProject
Project("{FAE04EC0-301F-11D3-BF4B-00C04F79EFBC}") = "Chatapplication", "Day 16\Chatapplication\Chatapplication.csproj", "{779205BC-457B-4026-A8DC-8FD82E5A3F4A}"
EndProject
Project("{FAE04EC0-301F-11D3-BF4B-00C04F79EFBC}") = "Person", "Day 16\Person\Person.csproj", "{9C4C221B-FE6B-43B3-8C80-4CC2E503EAB5}"
EndProject
Project("{2150E333-8FDC-42A3-9474-1A3956D46DE8}") = "Day 17", "Day 17", "{9E23C62B-8328-4F71-94BD-BEDE5C498C2D}"
EndProject
Project("{FAE04EC0-301F-11D3-BF4B-00C04F79EFBC}") = "ClassLibrary1", "Day 17\ClassLibrary1\ClassLibrary1.csproj", "{A2A4260C-E83B-47C2-B637-143315F0AEA9}"
EndProject
Project("{FAE04EC0-301F-11D3-BF4B-00C04F79EFBC}") = "claculator", "Day 17\claculator\claculator.csproj", "{F12CD85A-F0E3-49C4-9529-54962577DBF9}"
EndProject
Project("{FAE04EC0-301F-11D3-BF4B-00C04F79EFBC}") = "Ref and Out", "Day 17\Ref and Out\Ref and Out.csproj", "{2BE1591E-8D92-4641-B8C5-57C6F3A83890}"
EndProject
Project("{FAE04EC0-301F-11D3-BF4B-00C04F79EFBC}") = "String trim", "Day 17\String trim\String trim.csproj", "{54A0CB20-B252-44AB-ABDA-9CBCC722A2BE}"
EndProject
Project("{FAE04EC0-301F-11D3-BF4B-00C04F79EFBC}") = "parseandint32", "Day 17\parseandint32\parseandint32.csproj", "{5C35429B-E106-4D06-83A6-15E98D379E72}"
EndProject
Project("{FAE04EC0-301F-11D3-BF4B-00C04F79EFBC}") = "Error Handling", "Day 17\Error Handling\Error Handling.csproj", "{274728D3-25F4-48B5-A6E7-AD4D20479BEA}"
EndProject
Project("{FAE04EC0-301F-11D3-BF4B-00C04F79EFBC}") = "Throw exception", "Day 17\Custom exception\Throw exception.csproj", "{E4F7F71F-5E5F-4511-BF97-927F02421C9C}"
EndProject
Project("{FAE04EC0-301F-11D3-BF4B-00C04F79EFBC}") = "custom exceptions", "Day 17\custom exceptions\custom exceptions.csproj", "{7264CD1E-BC57-469F-A297-0B5A7365D4CF}"
EndProject
Project("{FAE04EC0-301F-11D3-BF4B-00C04F79EFBC}") = "Index", "Day 17\Index\Index.csproj", "{569339EC-B548-4BED-B8FD-969C0F24AE0C}"
EndProject
Project("{2150E333-8FDC-42A3-9474-1A3956D46DE8}") = "Day 18", "Day 18", "{635EE1AA-6DB5-46D0-9ADC-9CC86100697E}"
EndProject
Project("{FAE04EC0-301F-11D3-BF4B-00C04F79EFBC}") = "Sample", "Sample\Sample.csproj", "{91C28451-AE4F-4C73-9CC5-2F3DFE20B93C}"
EndProject
Project("{2150E333-8FDC-42A3-9474-1A3956D46DE8}") = "Assessment 2", "Assessment 2", "{613F4749-6104-431E-97AF-8B3F9FB5B6C3}"
EndProject
Project("{FAE04EC0-301F-11D3-BF4B-00C04F79EFBC}") = "PatientManagementSystem", "Assessment\Assessment2\PatientManagementSystem\PatientManagementSystem.csproj", "{73FFBF06-05AC-49FB-ACA0-E406759E1240}"
EndProject
Project("{2150E333-8FDC-42A3-9474-1A3956D46DE8}") = "Day 21", "Day 21", "{DD91622E-30BD-4B7C-BE13-EAC4542E802B}"
EndProject
Project("{FAE04EC0-301F-11D3-BF4B-00C04F79EFBC}") = "Text", "Day 21\Text\Text.csproj", "{31A56131-9230-4A31-976D-465677819E86}"
EndProject
Project("{FAE04EC0-301F-11D3-BF4B-00C04F79EFBC}") = "Cricketgame", "Day 21\Cricketgame\Cricketgame.csproj", "{136CB78B-9208-46B0-BB9A-3F6AE3B37E5A}"
EndProject
Project("{FAE04EC0-301F-11D3-BF4B-00C04F79EFBC}") = "Minesweeper Game", "Day 21\Minesweeper Game\Minesweeper Game.csproj", "{409B72F4-2C02-478F-9156-9F911F197BAC}"
EndProject
Project("{FAE04EC0-301F-11D3-BF4B-00C04F79EFBC}") = "Thread", "Day 21\Thread\Thread.csproj", "{531D092E-8FE0-4DAD-9823-C6B010EC7788}"
EndProject
Project("{2150E333-8FDC-42A3-9474-1A3956D46DE8}") = "Day 22", "Day 22", "{F23433B2-61F0-4D17-B9BC-A7A113FA6B90}"
EndProject
Project("{FAE04EC0-301F-11D3-BF4B-00C04F79EFBC}") = "Csharp", "Day 22\Csharp\Csharp.csproj", "{F4D6454C-766A-473E-AA5A-88BEFC129B78}"
EndProject
Project("{FAE04EC0-301F-11D3-BF4B-00C04F79EFBC}") = "Ecart Management System", "Day 22\Ecart Management System\Ecart Management System.csproj", "{09548C63-08A1-4529-AACB-6A02CBDD04AC}"
EndProject
Project("{2150E333-8FDC-42A3-9474-1A3956D46DE8}") = "Day 23", "Day 23", "{C7869422-E9EC-4D87-A726-D7DC76F575BE}"
EndProject
Project("{FAE04EC0-301F-11D3-BF4B-00C04F79EFBC}") = "Socialmedia", "Day 23\Socialmedia\Socialmedia.csproj", "{8DF57917-9A84-49D8-8CDC-0A34C5082B38}"
EndProject
Project("{FAE04EC0-301F-11D3-BF4B-00C04F79EFBC}") = "socket prgramserver", "Day 23\socket prgram\socket prgramserver.csproj", "{04CF80A3-370D-46E4-BEC6-20C3C501F4AD}"
EndProject
Project("{FAE04EC0-301F-11D3-BF4B-00C04F79EFBC}") = "socketprogrammingclient", "Day 23\socketprogrammingclient\socketprogrammingclient.csproj", "{F8BF62B3-A5F1-4048-8952-4C99751092F5}"
EndProject
Project("{2150E333-8FDC-42A3-9474-1A3956D46DE8}") = "Ecoserver", "Ecoserver", "{FCCE0C88-2628-40F0-AEE5-C0B0E44B32C1}"
EndProject
Project("{FAE04EC0-301F-11D3-BF4B-00C04F79EFBC}") = "Ecoserver server", "Day 23\Ecoserver\Ecoserver server\Ecoserver server.csproj", "{9212A8B9-F001-4369-B772-A42C243B69DC}"
EndProject
Project("{FAE04EC0-301F-11D3-BF4B-00C04F79EFBC}") = "Ecoserver client", "Day 23\Ecoserver\Ecoserver client\Ecoserver client.csproj", "{20A4E1F5-248B-4EBF-87B1-4E99BE70E512}"
EndProject
Project("{FAE04EC0-301F-11D3-BF4B-00C04F79EFBC}") = "Echousingclienbuilder", "Day 23\Ecoserver\Echousingclienbuilder\Echousingclienbuilder.csproj", "{A48F49D7-F375-44DF-B1A6-16C86D8F9B63}"
EndProject
Project("{FAE04EC0-301F-11D3-BF4B-00C04F79EFBC}") = "Echoserverusingstringbuilder", "Day 23\Ecoserver\Echoserverusingstringbuilder\Echoserverusingstringbuilder.csproj", "{74FB1D5B-C73C-4122-BBFA-671A00131253}"
EndProject
Project("{2150E333-8FDC-42A3-9474-1A3956D46DE8}") = "Day 24", "Day 24", "{1F7A51A7-F496-4182-87E8-1E9DFEA0A8F8}"
EndProject
Project("{FAE04EC0-301F-11D3-BF4B-00C04F79EFBC}") = "enumdata", "Day 24\enumdata\enumdata.csproj", "{CDF2116A-11C1-41ED-AFE1-77867BB462AC}"
EndProject
Project("{FAE04EC0-301F-11D3-BF4B-00C04F79EFBC}") = "params", "Day 24\params\params.csproj", "{75A44F07-75ED-49AC-8F19-15CF72A0064D}"
EndProject
Project("{2150E333-8FDC-42A3-9474-1A3956D46DE8}") = "Day 26", "Day 26", "{3B0B9B31-64C6-43BA-AF48-260B407ABA90}"
EndProject
Project("{FAE04EC0-301F-11D3-BF4B-00C04F79EFBC}") = "async", "Day 26\async\async.csproj", "{4D90FE73-EE8E-475D-AE66-FCA5C61798B1}"
EndProject
Project("{FAE04EC0-301F-11D3-BF4B-00C04F79EFBC}") = "string reverse", "Day 26\ARRAYSORT\string reverse.csproj", "{7F37C03F-9CEC-4ED7-8A41-EC350D204E9D}"
EndProject
Project("{FAE04EC0-301F-11D3-BF4B-00C04F79EFBC}") = "Stringoccurence", "Day 26\Stringoccurence\Stringoccurence.csproj", "{B03B8133-23BF-4859-8E31-748538DAFA17}"
EndProject
Project("{FAE04EC0-301F-11D3-BF4B-00C04F79EFBC}") = "Removeduplicate", "Day 26\Removeduplicate\Removeduplicate.csproj", "{81C20E43-3745-420F-A642-0C8140EA6175}"
EndProject
Project("{FAE04EC0-301F-11D3-BF4B-00C04F79EFBC}") = "prime", "Day 26\prime\prime.csproj", "{62778E3B-33D2-4D1D-8B89-6112A8D6EA3E}"
EndProject
Project("{FAE04EC0-301F-11D3-BF4B-00C04F79EFBC}") = "Maxmin", "Day 26\Maxmin\Maxmin.csproj", "{01AFB553-AD23-4125-BB0E-ACAA6FABBD55}"
EndProject
Project("{FAE04EC0-301F-11D3-BF4B-00C04F79EFBC}") = "Anagram", "Day 26\Anagram\Anagram.csproj", "{952D6649-D183-44AE-B17F-569C1503EF31}"
EndProject
Project("{FAE04EC0-301F-11D3-BF4B-00C04F79EFBC}") = "Missingnumber", "Day 26\Missingnumber\Missingnumber.csproj", "{AA1B9C46-8A17-4754-BEEC-79B15F80BAB7}"
EndProject
Project("{FAE04EC0-301F-11D3-BF4B-00C04F79EFBC}") = "Delegate", "Day 26\Delegate\Delegate.csproj", "{793EACD4-7958-4D72-A444-15FF96359377}"
EndProject
Project("{FAE04EC0-301F-11D3-BF4B-00C04F79EFBC}") = "Multicast delegate", "Day 26\Multicast delegate\Multicast delegate.csproj", "{DBD07B2E-5FAB-4526-AE0E-147749561D23}"
EndProject
Project("{FAE04EC0-301F-11D3-BF4B-00C04F79EFBC}") = "copyconstructor", "Day 26\copyconstructor\copyconstructor.csproj", "{DA3713C5-DDC9-4217-A52C-57D61AD3ACCB}"
EndProject
Project("{FAE04EC0-301F-11D3-BF4B-00C04F79EFBC}") = "Indexer", "Day 26\Indexer\Indexer.csproj", "{31D2BFF1-5B85-4E48-91D2-2B52E3D617E4}"
EndProject
Project("{FAE04EC0-301F-11D3-BF4B-00C04F79EFBC}") = "Assessment 3", "Assessment\Assessment 3\Assessment 3\Assessment 3.csproj", "{EB961676-42B4-4AB0-B4E0-5DDFB04520CD}"
EndProject
Global
	GlobalSection(SolutionConfigurationPlatforms) = preSolution
		Debug|Any CPU = Debug|Any CPU
		Release|Any CPU = Release|Any CPU
	EndGlobalSection
	GlobalSection(ProjectConfigurationPlatforms) = postSolution
		{672351FF-F139-4F29-ABED-7C640B1901F1}.Debug|Any CPU.ActiveCfg = Debug|Any CPU
		{672351FF-F139-4F29-ABED-7C640B1901F1}.Debug|Any CPU.Build.0 = Debug|Any CPU
		{672351FF-F139-4F29-ABED-7C640B1901F1}.Release|Any CPU.ActiveCfg = Release|Any CPU
		{672351FF-F139-4F29-ABED-7C640B1901F1}.Release|Any CPU.Build.0 = Release|Any CPU
		{24B3E99E-465D-4557-8FB0-65187EED0504}.Debug|Any CPU.ActiveCfg = Debug|Any CPU
		{24B3E99E-465D-4557-8FB0-65187EED0504}.Debug|Any CPU.Build.0 = Debug|Any CPU
		{24B3E99E-465D-4557-8FB0-65187EED0504}.Release|Any CPU.ActiveCfg = Release|Any CPU
		{24B3E99E-465D-4557-8FB0-65187EED0504}.Release|Any CPU.Build.0 = Release|Any CPU
		{9D09F5ED-6729-4848-B384-C18952704793}.Debug|Any CPU.ActiveCfg = Debug|Any CPU
		{9D09F5ED-6729-4848-B384-C18952704793}.Debug|Any CPU.Build.0 = Debug|Any CPU
		{9D09F5ED-6729-4848-B384-C18952704793}.Release|Any CPU.ActiveCfg = Release|Any CPU
		{9D09F5ED-6729-4848-B384-C18952704793}.Release|Any CPU.Build.0 = Release|Any CPU
		{3ABE4681-F842-43E2-A1CE-172917F1C7D5}.Debug|Any CPU.ActiveCfg = Debug|Any CPU
		{3ABE4681-F842-43E2-A1CE-172917F1C7D5}.Debug|Any CPU.Build.0 = Debug|Any CPU
		{3ABE4681-F842-43E2-A1CE-172917F1C7D5}.Release|Any CPU.ActiveCfg = Release|Any CPU
		{3ABE4681-F842-43E2-A1CE-172917F1C7D5}.Release|Any CPU.Build.0 = Release|Any CPU
		{95B3CB2B-0059-49DC-9442-650E34C38129}.Debug|Any CPU.ActiveCfg = Debug|Any CPU
		{95B3CB2B-0059-49DC-9442-650E34C38129}.Debug|Any CPU.Build.0 = Debug|Any CPU
		{95B3CB2B-0059-49DC-9442-650E34C38129}.Release|Any CPU.ActiveCfg = Release|Any CPU
		{95B3CB2B-0059-49DC-9442-650E34C38129}.Release|Any CPU.Build.0 = Release|Any CPU
		{9191B73B-C5B3-40D0-A79A-12E8D0A5F21E}.Debug|Any CPU.ActiveCfg = Debug|Any CPU
		{9191B73B-C5B3-40D0-A79A-12E8D0A5F21E}.Debug|Any CPU.Build.0 = Debug|Any CPU
		{9191B73B-C5B3-40D0-A79A-12E8D0A5F21E}.Release|Any CPU.ActiveCfg = Release|Any CPU
		{9191B73B-C5B3-40D0-A79A-12E8D0A5F21E}.Release|Any CPU.Build.0 = Release|Any CPU
		{BF4D77E4-83A7-418B-B9B0-91B1EEAA948A}.Debug|Any CPU.ActiveCfg = Debug|Any CPU
		{BF4D77E4-83A7-418B-B9B0-91B1EEAA948A}.Debug|Any CPU.Build.0 = Debug|Any CPU
		{BF4D77E4-83A7-418B-B9B0-91B1EEAA948A}.Release|Any CPU.ActiveCfg = Release|Any CPU
		{BF4D77E4-83A7-418B-B9B0-91B1EEAA948A}.Release|Any CPU.Build.0 = Release|Any CPU
		{1F35C19B-AA1C-41F8-9B76-52351C7C700E}.Debug|Any CPU.ActiveCfg = Debug|Any CPU
		{1F35C19B-AA1C-41F8-9B76-52351C7C700E}.Debug|Any CPU.Build.0 = Debug|Any CPU
		{1F35C19B-AA1C-41F8-9B76-52351C7C700E}.Release|Any CPU.ActiveCfg = Release|Any CPU
		{1F35C19B-AA1C-41F8-9B76-52351C7C700E}.Release|Any CPU.Build.0 = Release|Any CPU
		{FCC8DCD3-D473-4843-80FD-ED1190FDD471}.Debug|Any CPU.ActiveCfg = Debug|Any CPU
		{FCC8DCD3-D473-4843-80FD-ED1190FDD471}.Debug|Any CPU.Build.0 = Debug|Any CPU
		{FCC8DCD3-D473-4843-80FD-ED1190FDD471}.Release|Any CPU.ActiveCfg = Release|Any CPU
		{FCC8DCD3-D473-4843-80FD-ED1190FDD471}.Release|Any CPU.Build.0 = Release|Any CPU
		{E6FFC6A2-11FF-4264-901C-39FE200D91E8}.Debug|Any CPU.ActiveCfg = Debug|Any CPU
		{E6FFC6A2-11FF-4264-901C-39FE200D91E8}.Debug|Any CPU.Build.0 = Debug|Any CPU
		{E6FFC6A2-11FF-4264-901C-39FE200D91E8}.Release|Any CPU.ActiveCfg = Release|Any CPU
		{E6FFC6A2-11FF-4264-901C-39FE200D91E8}.Release|Any CPU.Build.0 = Release|Any CPU
		{F18CB6C3-E8E6-4F89-A702-F209CEC41DC6}.Debug|Any CPU.ActiveCfg = Debug|Any CPU
		{F18CB6C3-E8E6-4F89-A702-F209CEC41DC6}.Debug|Any CPU.Build.0 = Debug|Any CPU
		{F18CB6C3-E8E6-4F89-A702-F209CEC41DC6}.Release|Any CPU.ActiveCfg = Release|Any CPU
		{F18CB6C3-E8E6-4F89-A702-F209CEC41DC6}.Release|Any CPU.Build.0 = Release|Any CPU
		{75C6B517-6B89-40D0-9488-7DD845EFFE18}.Debug|Any CPU.ActiveCfg = Debug|Any CPU
		{75C6B517-6B89-40D0-9488-7DD845EFFE18}.Debug|Any CPU.Build.0 = Debug|Any CPU
		{75C6B517-6B89-40D0-9488-7DD845EFFE18}.Release|Any CPU.ActiveCfg = Release|Any CPU
		{75C6B517-6B89-40D0-9488-7DD845EFFE18}.Release|Any CPU.Build.0 = Release|Any CPU
		{1A6F5D67-7834-445A-9045-AA387DB16295}.Debug|Any CPU.ActiveCfg = Debug|Any CPU
		{1A6F5D67-7834-445A-9045-AA387DB16295}.Debug|Any CPU.Build.0 = Debug|Any CPU
		{1A6F5D67-7834-445A-9045-AA387DB16295}.Release|Any CPU.ActiveCfg = Release|Any CPU
		{1A6F5D67-7834-445A-9045-AA387DB16295}.Release|Any CPU.Build.0 = Release|Any CPU
		{CF02EDA3-FCF3-47D7-9E84-50ECDF6FBF96}.Debug|Any CPU.ActiveCfg = Debug|Any CPU
		{CF02EDA3-FCF3-47D7-9E84-50ECDF6FBF96}.Debug|Any CPU.Build.0 = Debug|Any CPU
		{CF02EDA3-FCF3-47D7-9E84-50ECDF6FBF96}.Release|Any CPU.ActiveCfg = Release|Any CPU
		{CF02EDA3-FCF3-47D7-9E84-50ECDF6FBF96}.Release|Any CPU.Build.0 = Release|Any CPU
		{9FFCEC11-9DF6-47FD-81D7-5BD5AF46BC99}.Debug|Any CPU.ActiveCfg = Debug|Any CPU
		{9FFCEC11-9DF6-47FD-81D7-5BD5AF46BC99}.Debug|Any CPU.Build.0 = Debug|Any CPU
		{9FFCEC11-9DF6-47FD-81D7-5BD5AF46BC99}.Release|Any CPU.ActiveCfg = Release|Any CPU
		{9FFCEC11-9DF6-47FD-81D7-5BD5AF46BC99}.Release|Any CPU.Build.0 = Release|Any CPU
		{A973FA1C-1E68-4F99-B40D-5861FC7F5267}.Debug|Any CPU.ActiveCfg = Debug|Any CPU
		{A973FA1C-1E68-4F99-B40D-5861FC7F5267}.Debug|Any CPU.Build.0 = Debug|Any CPU
		{A973FA1C-1E68-4F99-B40D-5861FC7F5267}.Release|Any CPU.ActiveCfg = Release|Any CPU
		{A973FA1C-1E68-4F99-B40D-5861FC7F5267}.Release|Any CPU.Build.0 = Release|Any CPU
		{CA353CFD-365D-4C75-8598-592C96F430B6}.Debug|Any CPU.ActiveCfg = Debug|Any CPU
		{CA353CFD-365D-4C75-8598-592C96F430B6}.Debug|Any CPU.Build.0 = Debug|Any CPU
		{CA353CFD-365D-4C75-8598-592C96F430B6}.Release|Any CPU.ActiveCfg = Release|Any CPU
		{CA353CFD-365D-4C75-8598-592C96F430B6}.Release|Any CPU.Build.0 = Release|Any CPU
		{3D39BD4B-898A-4B78-BEC9-AA5538577C02}.Debug|Any CPU.ActiveCfg = Debug|Any CPU
		{3D39BD4B-898A-4B78-BEC9-AA5538577C02}.Debug|Any CPU.Build.0 = Debug|Any CPU
		{3D39BD4B-898A-4B78-BEC9-AA5538577C02}.Release|Any CPU.ActiveCfg = Release|Any CPU
		{3D39BD4B-898A-4B78-BEC9-AA5538577C02}.Release|Any CPU.Build.0 = Release|Any CPU
		{D309D017-5F45-424F-84D7-A7DD2C79418A}.Debug|Any CPU.ActiveCfg = Debug|Any CPU
		{D309D017-5F45-424F-84D7-A7DD2C79418A}.Debug|Any CPU.Build.0 = Debug|Any CPU
		{D309D017-5F45-424F-84D7-A7DD2C79418A}.Release|Any CPU.ActiveCfg = Release|Any CPU
		{D309D017-5F45-424F-84D7-A7DD2C79418A}.Release|Any CPU.Build.0 = Release|Any CPU
		{70E19E15-56C8-4161-A9D4-A7ACC07CD1C3}.Debug|Any CPU.ActiveCfg = Debug|Any CPU
		{70E19E15-56C8-4161-A9D4-A7ACC07CD1C3}.Debug|Any CPU.Build.0 = Debug|Any CPU
		{70E19E15-56C8-4161-A9D4-A7ACC07CD1C3}.Release|Any CPU.ActiveCfg = Release|Any CPU
		{70E19E15-56C8-4161-A9D4-A7ACC07CD1C3}.Release|Any CPU.Build.0 = Release|Any CPU
		{3FF56715-E878-4A54-974A-541833A7AC28}.Debug|Any CPU.ActiveCfg = Debug|Any CPU
		{3FF56715-E878-4A54-974A-541833A7AC28}.Debug|Any CPU.Build.0 = Debug|Any CPU
		{3FF56715-E878-4A54-974A-541833A7AC28}.Release|Any CPU.ActiveCfg = Release|Any CPU
		{3FF56715-E878-4A54-974A-541833A7AC28}.Release|Any CPU.Build.0 = Release|Any CPU
		{85B5BE26-01B3-4423-A676-73323AAAF298}.Debug|Any CPU.ActiveCfg = Debug|Any CPU
		{85B5BE26-01B3-4423-A676-73323AAAF298}.Debug|Any CPU.Build.0 = Debug|Any CPU
		{85B5BE26-01B3-4423-A676-73323AAAF298}.Release|Any CPU.ActiveCfg = Release|Any CPU
		{85B5BE26-01B3-4423-A676-73323AAAF298}.Release|Any CPU.Build.0 = Release|Any CPU
		{8CB5CC2B-373A-45BF-A5C2-BAF8E7F0731D}.Debug|Any CPU.ActiveCfg = Debug|Any CPU
		{8CB5CC2B-373A-45BF-A5C2-BAF8E7F0731D}.Debug|Any CPU.Build.0 = Debug|Any CPU
		{8CB5CC2B-373A-45BF-A5C2-BAF8E7F0731D}.Release|Any CPU.ActiveCfg = Release|Any CPU
		{8CB5CC2B-373A-45BF-A5C2-BAF8E7F0731D}.Release|Any CPU.Build.0 = Release|Any CPU
		{5D66B201-89DD-4709-A4C2-C7EA19A58E51}.Debug|Any CPU.ActiveCfg = Debug|Any CPU
		{5D66B201-89DD-4709-A4C2-C7EA19A58E51}.Debug|Any CPU.Build.0 = Debug|Any CPU
		{5D66B201-89DD-4709-A4C2-C7EA19A58E51}.Release|Any CPU.ActiveCfg = Release|Any CPU
		{5D66B201-89DD-4709-A4C2-C7EA19A58E51}.Release|Any CPU.Build.0 = Release|Any CPU
		{E431B6E0-DB54-445F-9B0B-41F944CB7139}.Debug|Any CPU.ActiveCfg = Debug|Any CPU
		{E431B6E0-DB54-445F-9B0B-41F944CB7139}.Debug|Any CPU.Build.0 = Debug|Any CPU
		{E431B6E0-DB54-445F-9B0B-41F944CB7139}.Release|Any CPU.ActiveCfg = Release|Any CPU
		{E431B6E0-DB54-445F-9B0B-41F944CB7139}.Release|Any CPU.Build.0 = Release|Any CPU
		{845219E6-3757-4DAC-B809-95666ABC8975}.Debug|Any CPU.ActiveCfg = Debug|Any CPU
		{845219E6-3757-4DAC-B809-95666ABC8975}.Debug|Any CPU.Build.0 = Debug|Any CPU
		{845219E6-3757-4DAC-B809-95666ABC8975}.Release|Any CPU.ActiveCfg = Release|Any CPU
		{845219E6-3757-4DAC-B809-95666ABC8975}.Release|Any CPU.Build.0 = Release|Any CPU
		{332325E1-3EEC-49EA-8F41-BF0454232896}.Debug|Any CPU.ActiveCfg = Debug|Any CPU
		{332325E1-3EEC-49EA-8F41-BF0454232896}.Debug|Any CPU.Build.0 = Debug|Any CPU
		{332325E1-3EEC-49EA-8F41-BF0454232896}.Release|Any CPU.ActiveCfg = Release|Any CPU
		{332325E1-3EEC-49EA-8F41-BF0454232896}.Release|Any CPU.Build.0 = Release|Any CPU
		{D7C991A2-8E08-4C0D-8378-420209E78B7C}.Debug|Any CPU.ActiveCfg = Debug|Any CPU
		{D7C991A2-8E08-4C0D-8378-420209E78B7C}.Debug|Any CPU.Build.0 = Debug|Any CPU
		{D7C991A2-8E08-4C0D-8378-420209E78B7C}.Release|Any CPU.ActiveCfg = Release|Any CPU
		{D7C991A2-8E08-4C0D-8378-420209E78B7C}.Release|Any CPU.Build.0 = Release|Any CPU
		{DEE4BCEA-5163-4F92-83E4-6C46F481F5DD}.Debug|Any CPU.ActiveCfg = Debug|Any CPU
		{DEE4BCEA-5163-4F92-83E4-6C46F481F5DD}.Debug|Any CPU.Build.0 = Debug|Any CPU
		{DEE4BCEA-5163-4F92-83E4-6C46F481F5DD}.Release|Any CPU.ActiveCfg = Release|Any CPU
		{DEE4BCEA-5163-4F92-83E4-6C46F481F5DD}.Release|Any CPU.Build.0 = Release|Any CPU
		{79208846-4E01-4243-95EF-BFCC77E974A7}.Debug|Any CPU.ActiveCfg = Debug|Any CPU
		{79208846-4E01-4243-95EF-BFCC77E974A7}.Debug|Any CPU.Build.0 = Debug|Any CPU
		{79208846-4E01-4243-95EF-BFCC77E974A7}.Release|Any CPU.ActiveCfg = Release|Any CPU
		{79208846-4E01-4243-95EF-BFCC77E974A7}.Release|Any CPU.Build.0 = Release|Any CPU
		{D4D4DC76-21FF-4639-93D7-65C62AE36C81}.Debug|Any CPU.ActiveCfg = Debug|Any CPU
		{D4D4DC76-21FF-4639-93D7-65C62AE36C81}.Debug|Any CPU.Build.0 = Debug|Any CPU
		{D4D4DC76-21FF-4639-93D7-65C62AE36C81}.Release|Any CPU.ActiveCfg = Release|Any CPU
		{D4D4DC76-21FF-4639-93D7-65C62AE36C81}.Release|Any CPU.Build.0 = Release|Any CPU
		{4213D08F-0E59-4285-BD65-87C5B6D9E600}.Debug|Any CPU.ActiveCfg = Debug|Any CPU
		{4213D08F-0E59-4285-BD65-87C5B6D9E600}.Debug|Any CPU.Build.0 = Debug|Any CPU
		{4213D08F-0E59-4285-BD65-87C5B6D9E600}.Release|Any CPU.ActiveCfg = Release|Any CPU
		{4213D08F-0E59-4285-BD65-87C5B6D9E600}.Release|Any CPU.Build.0 = Release|Any CPU
		{BB946BFD-5893-4BF2-9F82-66BF470FF632}.Debug|Any CPU.ActiveCfg = Debug|Any CPU
		{BB946BFD-5893-4BF2-9F82-66BF470FF632}.Debug|Any CPU.Build.0 = Debug|Any CPU
		{BB946BFD-5893-4BF2-9F82-66BF470FF632}.Release|Any CPU.ActiveCfg = Release|Any CPU
		{BB946BFD-5893-4BF2-9F82-66BF470FF632}.Release|Any CPU.Build.0 = Release|Any CPU
		{661CB7FC-7A47-4BF3-81CF-54530CAFA662}.Debug|Any CPU.ActiveCfg = Debug|Any CPU
		{661CB7FC-7A47-4BF3-81CF-54530CAFA662}.Debug|Any CPU.Build.0 = Debug|Any CPU
		{661CB7FC-7A47-4BF3-81CF-54530CAFA662}.Release|Any CPU.ActiveCfg = Release|Any CPU
		{661CB7FC-7A47-4BF3-81CF-54530CAFA662}.Release|Any CPU.Build.0 = Release|Any CPU
		{B93C43CF-DC0A-418E-B78B-7138A613AC16}.Debug|Any CPU.ActiveCfg = Debug|Any CPU
		{B93C43CF-DC0A-418E-B78B-7138A613AC16}.Debug|Any CPU.Build.0 = Debug|Any CPU
		{B93C43CF-DC0A-418E-B78B-7138A613AC16}.Release|Any CPU.ActiveCfg = Release|Any CPU
		{B93C43CF-DC0A-418E-B78B-7138A613AC16}.Release|Any CPU.Build.0 = Release|Any CPU
		{2DFCA60B-5763-4E68-8554-33E92643D107}.Debug|Any CPU.ActiveCfg = Debug|Any CPU
		{2DFCA60B-5763-4E68-8554-33E92643D107}.Debug|Any CPU.Build.0 = Debug|Any CPU
		{2DFCA60B-5763-4E68-8554-33E92643D107}.Release|Any CPU.ActiveCfg = Release|Any CPU
		{2DFCA60B-5763-4E68-8554-33E92643D107}.Release|Any CPU.Build.0 = Release|Any CPU
		{FD9082C4-8024-4964-82BC-BE62FBD240F0}.Debug|Any CPU.ActiveCfg = Debug|Any CPU
		{FD9082C4-8024-4964-82BC-BE62FBD240F0}.Debug|Any CPU.Build.0 = Debug|Any CPU
		{FD9082C4-8024-4964-82BC-BE62FBD240F0}.Release|Any CPU.ActiveCfg = Release|Any CPU
		{FD9082C4-8024-4964-82BC-BE62FBD240F0}.Release|Any CPU.Build.0 = Release|Any CPU
		{C87578C3-801D-43C4-BFCC-3AACFCE068A9}.Debug|Any CPU.ActiveCfg = Debug|Any CPU
		{C87578C3-801D-43C4-BFCC-3AACFCE068A9}.Debug|Any CPU.Build.0 = Debug|Any CPU
		{C87578C3-801D-43C4-BFCC-3AACFCE068A9}.Release|Any CPU.ActiveCfg = Release|Any CPU
		{C87578C3-801D-43C4-BFCC-3AACFCE068A9}.Release|Any CPU.Build.0 = Release|Any CPU
		{ACC5328E-9866-4E51-9633-946303E5CAC4}.Debug|Any CPU.ActiveCfg = Debug|Any CPU
		{ACC5328E-9866-4E51-9633-946303E5CAC4}.Debug|Any CPU.Build.0 = Debug|Any CPU
		{ACC5328E-9866-4E51-9633-946303E5CAC4}.Release|Any CPU.ActiveCfg = Release|Any CPU
		{ACC5328E-9866-4E51-9633-946303E5CAC4}.Release|Any CPU.Build.0 = Release|Any CPU
		{AB15DEF6-5E09-4038-8104-9666BD14A04B}.Debug|Any CPU.ActiveCfg = Debug|Any CPU
		{AB15DEF6-5E09-4038-8104-9666BD14A04B}.Debug|Any CPU.Build.0 = Debug|Any CPU
		{AB15DEF6-5E09-4038-8104-9666BD14A04B}.Release|Any CPU.ActiveCfg = Release|Any CPU
		{AB15DEF6-5E09-4038-8104-9666BD14A04B}.Release|Any CPU.Build.0 = Release|Any CPU
		{5345D018-B182-4C27-9328-A053411F6A78}.Debug|Any CPU.ActiveCfg = Debug|Any CPU
		{5345D018-B182-4C27-9328-A053411F6A78}.Debug|Any CPU.Build.0 = Debug|Any CPU
		{5345D018-B182-4C27-9328-A053411F6A78}.Release|Any CPU.ActiveCfg = Release|Any CPU
		{5345D018-B182-4C27-9328-A053411F6A78}.Release|Any CPU.Build.0 = Release|Any CPU
		{86FCFF77-2EFE-42E2-BFA3-14954301731A}.Debug|Any CPU.ActiveCfg = Debug|Any CPU
		{86FCFF77-2EFE-42E2-BFA3-14954301731A}.Debug|Any CPU.Build.0 = Debug|Any CPU
		{86FCFF77-2EFE-42E2-BFA3-14954301731A}.Release|Any CPU.ActiveCfg = Release|Any CPU
		{86FCFF77-2EFE-42E2-BFA3-14954301731A}.Release|Any CPU.Build.0 = Release|Any CPU
		{2C2E6030-23C0-4EB9-8730-BB455C28162C}.Debug|Any CPU.ActiveCfg = Debug|Any CPU
		{2C2E6030-23C0-4EB9-8730-BB455C28162C}.Debug|Any CPU.Build.0 = Debug|Any CPU
		{2C2E6030-23C0-4EB9-8730-BB455C28162C}.Release|Any CPU.ActiveCfg = Release|Any CPU
		{2C2E6030-23C0-4EB9-8730-BB455C28162C}.Release|Any CPU.Build.0 = Release|Any CPU
		{1B7BEBCF-5691-4F48-87C2-AFDD81E68D9A}.Debug|Any CPU.ActiveCfg = Debug|Any CPU
		{1B7BEBCF-5691-4F48-87C2-AFDD81E68D9A}.Debug|Any CPU.Build.0 = Debug|Any CPU
		{1B7BEBCF-5691-4F48-87C2-AFDD81E68D9A}.Release|Any CPU.ActiveCfg = Release|Any CPU
		{1B7BEBCF-5691-4F48-87C2-AFDD81E68D9A}.Release|Any CPU.Build.0 = Release|Any CPU
		{970BD19B-99B4-4748-9603-F27757BD509F}.Debug|Any CPU.ActiveCfg = Debug|Any CPU
		{970BD19B-99B4-4748-9603-F27757BD509F}.Debug|Any CPU.Build.0 = Debug|Any CPU
		{970BD19B-99B4-4748-9603-F27757BD509F}.Release|Any CPU.ActiveCfg = Release|Any CPU
		{970BD19B-99B4-4748-9603-F27757BD509F}.Release|Any CPU.Build.0 = Release|Any CPU
		{F97E33E4-5908-4FA7-8E64-20D775902275}.Debug|Any CPU.ActiveCfg = Debug|Any CPU
		{F97E33E4-5908-4FA7-8E64-20D775902275}.Debug|Any CPU.Build.0 = Debug|Any CPU
		{F97E33E4-5908-4FA7-8E64-20D775902275}.Release|Any CPU.ActiveCfg = Release|Any CPU
		{F97E33E4-5908-4FA7-8E64-20D775902275}.Release|Any CPU.Build.0 = Release|Any CPU
		{786935B9-E0A1-4AF7-B367-8415B1DA652E}.Debug|Any CPU.ActiveCfg = Debug|Any CPU
		{786935B9-E0A1-4AF7-B367-8415B1DA652E}.Debug|Any CPU.Build.0 = Debug|Any CPU
		{786935B9-E0A1-4AF7-B367-8415B1DA652E}.Release|Any CPU.ActiveCfg = Release|Any CPU
		{786935B9-E0A1-4AF7-B367-8415B1DA652E}.Release|Any CPU.Build.0 = Release|Any CPU
		{E4D30A9B-40CF-4106-8DAF-25F6FC58809A}.Debug|Any CPU.ActiveCfg = Debug|Any CPU
		{E4D30A9B-40CF-4106-8DAF-25F6FC58809A}.Debug|Any CPU.Build.0 = Debug|Any CPU
		{E4D30A9B-40CF-4106-8DAF-25F6FC58809A}.Release|Any CPU.ActiveCfg = Release|Any CPU
		{E4D30A9B-40CF-4106-8DAF-25F6FC58809A}.Release|Any CPU.Build.0 = Release|Any CPU
		{09FF2210-674D-4346-96C0-5F6A944CBD6D}.Debug|Any CPU.ActiveCfg = Debug|Any CPU
		{09FF2210-674D-4346-96C0-5F6A944CBD6D}.Debug|Any CPU.Build.0 = Debug|Any CPU
		{09FF2210-674D-4346-96C0-5F6A944CBD6D}.Release|Any CPU.ActiveCfg = Release|Any CPU
		{09FF2210-674D-4346-96C0-5F6A944CBD6D}.Release|Any CPU.Build.0 = Release|Any CPU
		{4DD883F4-0C4E-498C-86AA-6513B87886D4}.Debug|Any CPU.ActiveCfg = Debug|Any CPU
		{4DD883F4-0C4E-498C-86AA-6513B87886D4}.Debug|Any CPU.Build.0 = Debug|Any CPU
		{4DD883F4-0C4E-498C-86AA-6513B87886D4}.Release|Any CPU.ActiveCfg = Release|Any CPU
		{4DD883F4-0C4E-498C-86AA-6513B87886D4}.Release|Any CPU.Build.0 = Release|Any CPU
		{A2A43692-2AFD-4BE2-8E3E-DA9431D8BC2E}.Debug|Any CPU.ActiveCfg = Debug|Any CPU
		{A2A43692-2AFD-4BE2-8E3E-DA9431D8BC2E}.Debug|Any CPU.Build.0 = Debug|Any CPU
		{A2A43692-2AFD-4BE2-8E3E-DA9431D8BC2E}.Release|Any CPU.ActiveCfg = Release|Any CPU
		{A2A43692-2AFD-4BE2-8E3E-DA9431D8BC2E}.Release|Any CPU.Build.0 = Release|Any CPU
		{220A3DF5-F3B0-454B-8D97-F6700B044A9C}.Debug|Any CPU.ActiveCfg = Debug|Any CPU
		{220A3DF5-F3B0-454B-8D97-F6700B044A9C}.Debug|Any CPU.Build.0 = Debug|Any CPU
		{220A3DF5-F3B0-454B-8D97-F6700B044A9C}.Release|Any CPU.ActiveCfg = Release|Any CPU
		{220A3DF5-F3B0-454B-8D97-F6700B044A9C}.Release|Any CPU.Build.0 = Release|Any CPU
		{7E13A704-7B22-460B-84BA-C4095A7CC76F}.Debug|Any CPU.ActiveCfg = Debug|Any CPU
		{7E13A704-7B22-460B-84BA-C4095A7CC76F}.Debug|Any CPU.Build.0 = Debug|Any CPU
		{7E13A704-7B22-460B-84BA-C4095A7CC76F}.Release|Any CPU.ActiveCfg = Release|Any CPU
		{7E13A704-7B22-460B-84BA-C4095A7CC76F}.Release|Any CPU.Build.0 = Release|Any CPU
		{577EB848-4C89-4F98-A178-75F8747B74E3}.Debug|Any CPU.ActiveCfg = Debug|Any CPU
		{577EB848-4C89-4F98-A178-75F8747B74E3}.Debug|Any CPU.Build.0 = Debug|Any CPU
		{577EB848-4C89-4F98-A178-75F8747B74E3}.Release|Any CPU.ActiveCfg = Release|Any CPU
		{577EB848-4C89-4F98-A178-75F8747B74E3}.Release|Any CPU.Build.0 = Release|Any CPU
		{999EC9A8-9A51-4809-B4A6-ECBC61B7787C}.Debug|Any CPU.ActiveCfg = Debug|Any CPU
		{999EC9A8-9A51-4809-B4A6-ECBC61B7787C}.Debug|Any CPU.Build.0 = Debug|Any CPU
		{999EC9A8-9A51-4809-B4A6-ECBC61B7787C}.Release|Any CPU.ActiveCfg = Release|Any CPU
		{999EC9A8-9A51-4809-B4A6-ECBC61B7787C}.Release|Any CPU.Build.0 = Release|Any CPU
		{7D69A393-3D68-4A74-A607-5E01C41482C5}.Debug|Any CPU.ActiveCfg = Debug|Any CPU
		{7D69A393-3D68-4A74-A607-5E01C41482C5}.Debug|Any CPU.Build.0 = Debug|Any CPU
		{7D69A393-3D68-4A74-A607-5E01C41482C5}.Release|Any CPU.ActiveCfg = Release|Any CPU
		{7D69A393-3D68-4A74-A607-5E01C41482C5}.Release|Any CPU.Build.0 = Release|Any CPU
		{23F14D9A-7DF0-4BA6-B42C-FCBC18759B16}.Debug|Any CPU.ActiveCfg = Debug|Any CPU
		{23F14D9A-7DF0-4BA6-B42C-FCBC18759B16}.Debug|Any CPU.Build.0 = Debug|Any CPU
		{23F14D9A-7DF0-4BA6-B42C-FCBC18759B16}.Release|Any CPU.ActiveCfg = Release|Any CPU
		{23F14D9A-7DF0-4BA6-B42C-FCBC18759B16}.Release|Any CPU.Build.0 = Release|Any CPU
		{B5166DAF-2715-4D85-BA7B-1C3F7AEBDAB3}.Debug|Any CPU.ActiveCfg = Debug|Any CPU
		{B5166DAF-2715-4D85-BA7B-1C3F7AEBDAB3}.Debug|Any CPU.Build.0 = Debug|Any CPU
		{B5166DAF-2715-4D85-BA7B-1C3F7AEBDAB3}.Release|Any CPU.ActiveCfg = Release|Any CPU
		{B5166DAF-2715-4D85-BA7B-1C3F7AEBDAB3}.Release|Any CPU.Build.0 = Release|Any CPU
		{7F605ED6-D04E-4BCD-AA69-7A81E9F040F2}.Debug|Any CPU.ActiveCfg = Debug|Any CPU
		{7F605ED6-D04E-4BCD-AA69-7A81E9F040F2}.Debug|Any CPU.Build.0 = Debug|Any CPU
		{7F605ED6-D04E-4BCD-AA69-7A81E9F040F2}.Release|Any CPU.ActiveCfg = Release|Any CPU
		{7F605ED6-D04E-4BCD-AA69-7A81E9F040F2}.Release|Any CPU.Build.0 = Release|Any CPU
		{BC154B60-A71A-412D-A1E8-A2A3FC5E4386}.Debug|Any CPU.ActiveCfg = Debug|Any CPU
		{BC154B60-A71A-412D-A1E8-A2A3FC5E4386}.Debug|Any CPU.Build.0 = Debug|Any CPU
		{BC154B60-A71A-412D-A1E8-A2A3FC5E4386}.Release|Any CPU.ActiveCfg = Release|Any CPU
		{BC154B60-A71A-412D-A1E8-A2A3FC5E4386}.Release|Any CPU.Build.0 = Release|Any CPU
		{254A28FA-E97A-4E32-AB58-73D50427B501}.Debug|Any CPU.ActiveCfg = Debug|Any CPU
		{254A28FA-E97A-4E32-AB58-73D50427B501}.Debug|Any CPU.Build.0 = Debug|Any CPU
		{254A28FA-E97A-4E32-AB58-73D50427B501}.Release|Any CPU.ActiveCfg = Release|Any CPU
		{254A28FA-E97A-4E32-AB58-73D50427B501}.Release|Any CPU.Build.0 = Release|Any CPU
		{3ED51B61-A8D0-48E1-98D4-D26A513DF6F7}.Debug|Any CPU.ActiveCfg = Debug|Any CPU
		{3ED51B61-A8D0-48E1-98D4-D26A513DF6F7}.Debug|Any CPU.Build.0 = Debug|Any CPU
		{3ED51B61-A8D0-48E1-98D4-D26A513DF6F7}.Release|Any CPU.ActiveCfg = Release|Any CPU
		{3ED51B61-A8D0-48E1-98D4-D26A513DF6F7}.Release|Any CPU.Build.0 = Release|Any CPU
		{01947776-4B78-4C49-B151-D4585BC4F521}.Debug|Any CPU.ActiveCfg = Debug|Any CPU
		{01947776-4B78-4C49-B151-D4585BC4F521}.Debug|Any CPU.Build.0 = Debug|Any CPU
		{01947776-4B78-4C49-B151-D4585BC4F521}.Release|Any CPU.ActiveCfg = Release|Any CPU
		{01947776-4B78-4C49-B151-D4585BC4F521}.Release|Any CPU.Build.0 = Release|Any CPU
		{A65D374F-1B40-42EB-BDB8-0BE18937AE76}.Debug|Any CPU.ActiveCfg = Debug|Any CPU
		{A65D374F-1B40-42EB-BDB8-0BE18937AE76}.Debug|Any CPU.Build.0 = Debug|Any CPU
		{A65D374F-1B40-42EB-BDB8-0BE18937AE76}.Release|Any CPU.ActiveCfg = Release|Any CPU
		{A65D374F-1B40-42EB-BDB8-0BE18937AE76}.Release|Any CPU.Build.0 = Release|Any CPU
		{25CE857F-597C-4EB4-98E4-F706B7E06D1A}.Debug|Any CPU.ActiveCfg = Debug|Any CPU
		{25CE857F-597C-4EB4-98E4-F706B7E06D1A}.Debug|Any CPU.Build.0 = Debug|Any CPU
		{25CE857F-597C-4EB4-98E4-F706B7E06D1A}.Release|Any CPU.ActiveCfg = Release|Any CPU
		{25CE857F-597C-4EB4-98E4-F706B7E06D1A}.Release|Any CPU.Build.0 = Release|Any CPU
		{724D27A7-817C-4A25-992C-B0BD5C2ADCD3}.Debug|Any CPU.ActiveCfg = Debug|Any CPU
		{724D27A7-817C-4A25-992C-B0BD5C2ADCD3}.Debug|Any CPU.Build.0 = Debug|Any CPU
		{724D27A7-817C-4A25-992C-B0BD5C2ADCD3}.Release|Any CPU.ActiveCfg = Release|Any CPU
		{724D27A7-817C-4A25-992C-B0BD5C2ADCD3}.Release|Any CPU.Build.0 = Release|Any CPU
		{79BA5040-6F3C-4777-850C-EC6B631B3FFC}.Debug|Any CPU.ActiveCfg = Debug|Any CPU
		{79BA5040-6F3C-4777-850C-EC6B631B3FFC}.Debug|Any CPU.Build.0 = Debug|Any CPU
		{79BA5040-6F3C-4777-850C-EC6B631B3FFC}.Release|Any CPU.ActiveCfg = Release|Any CPU
		{79BA5040-6F3C-4777-850C-EC6B631B3FFC}.Release|Any CPU.Build.0 = Release|Any CPU
		{7D43CC17-73D7-4CF9-9CE4-DEACFE3CE892}.Debug|Any CPU.ActiveCfg = Debug|Any CPU
		{7D43CC17-73D7-4CF9-9CE4-DEACFE3CE892}.Debug|Any CPU.Build.0 = Debug|Any CPU
		{7D43CC17-73D7-4CF9-9CE4-DEACFE3CE892}.Release|Any CPU.ActiveCfg = Release|Any CPU
		{7D43CC17-73D7-4CF9-9CE4-DEACFE3CE892}.Release|Any CPU.Build.0 = Release|Any CPU
		{5018BFD5-F2F3-446F-AFAB-CAE68F5D41B6}.Debug|Any CPU.ActiveCfg = Debug|Any CPU
		{5018BFD5-F2F3-446F-AFAB-CAE68F5D41B6}.Debug|Any CPU.Build.0 = Debug|Any CPU
		{5018BFD5-F2F3-446F-AFAB-CAE68F5D41B6}.Release|Any CPU.ActiveCfg = Release|Any CPU
		{5018BFD5-F2F3-446F-AFAB-CAE68F5D41B6}.Release|Any CPU.Build.0 = Release|Any CPU
		{2B3DB34D-ECA6-4DE3-A43B-115B5FC078FF}.Debug|Any CPU.ActiveCfg = Debug|Any CPU
		{2B3DB34D-ECA6-4DE3-A43B-115B5FC078FF}.Debug|Any CPU.Build.0 = Debug|Any CPU
		{2B3DB34D-ECA6-4DE3-A43B-115B5FC078FF}.Release|Any CPU.ActiveCfg = Release|Any CPU
		{2B3DB34D-ECA6-4DE3-A43B-115B5FC078FF}.Release|Any CPU.Build.0 = Release|Any CPU
		{63225056-CDA7-4085-BB3B-3B0BBBBE6C7A}.Debug|Any CPU.ActiveCfg = Debug|Any CPU
		{63225056-CDA7-4085-BB3B-3B0BBBBE6C7A}.Debug|Any CPU.Build.0 = Debug|Any CPU
		{63225056-CDA7-4085-BB3B-3B0BBBBE6C7A}.Release|Any CPU.ActiveCfg = Release|Any CPU
		{63225056-CDA7-4085-BB3B-3B0BBBBE6C7A}.Release|Any CPU.Build.0 = Release|Any CPU
		{5A08726D-F27D-4C1C-869E-1D4B9C9CA391}.Debug|Any CPU.ActiveCfg = Debug|Any CPU
		{5A08726D-F27D-4C1C-869E-1D4B9C9CA391}.Debug|Any CPU.Build.0 = Debug|Any CPU
		{5A08726D-F27D-4C1C-869E-1D4B9C9CA391}.Release|Any CPU.ActiveCfg = Release|Any CPU
		{5A08726D-F27D-4C1C-869E-1D4B9C9CA391}.Release|Any CPU.Build.0 = Release|Any CPU
		{F0E0017C-1DFD-4BCD-A138-89DC9C4A98F8}.Debug|Any CPU.ActiveCfg = Debug|Any CPU
		{F0E0017C-1DFD-4BCD-A138-89DC9C4A98F8}.Debug|Any CPU.Build.0 = Debug|Any CPU
		{F0E0017C-1DFD-4BCD-A138-89DC9C4A98F8}.Release|Any CPU.ActiveCfg = Release|Any CPU
		{F0E0017C-1DFD-4BCD-A138-89DC9C4A98F8}.Release|Any CPU.Build.0 = Release|Any CPU
		{8D8EA887-42CF-450E-96BC-6DCF103F34F6}.Debug|Any CPU.ActiveCfg = Debug|Any CPU
		{8D8EA887-42CF-450E-96BC-6DCF103F34F6}.Debug|Any CPU.Build.0 = Debug|Any CPU
		{8D8EA887-42CF-450E-96BC-6DCF103F34F6}.Release|Any CPU.ActiveCfg = Release|Any CPU
		{8D8EA887-42CF-450E-96BC-6DCF103F34F6}.Release|Any CPU.Build.0 = Release|Any CPU
		{48B289AA-5CE9-489E-A28C-C50BA8D307E6}.Debug|Any CPU.ActiveCfg = Debug|Any CPU
		{48B289AA-5CE9-489E-A28C-C50BA8D307E6}.Debug|Any CPU.Build.0 = Debug|Any CPU
		{48B289AA-5CE9-489E-A28C-C50BA8D307E6}.Release|Any CPU.ActiveCfg = Release|Any CPU
		{48B289AA-5CE9-489E-A28C-C50BA8D307E6}.Release|Any CPU.Build.0 = Release|Any CPU
		{AC6B805B-30B6-457D-B269-5CAD152BF519}.Debug|Any CPU.ActiveCfg = Debug|Any CPU
		{AC6B805B-30B6-457D-B269-5CAD152BF519}.Debug|Any CPU.Build.0 = Debug|Any CPU
		{AC6B805B-30B6-457D-B269-5CAD152BF519}.Release|Any CPU.ActiveCfg = Release|Any CPU
		{AC6B805B-30B6-457D-B269-5CAD152BF519}.Release|Any CPU.Build.0 = Release|Any CPU
		{0292E88E-CF31-49EC-99E3-F3E4771ACB17}.Debug|Any CPU.ActiveCfg = Debug|Any CPU
		{0292E88E-CF31-49EC-99E3-F3E4771ACB17}.Debug|Any CPU.Build.0 = Debug|Any CPU
		{0292E88E-CF31-49EC-99E3-F3E4771ACB17}.Release|Any CPU.ActiveCfg = Release|Any CPU
		{0292E88E-CF31-49EC-99E3-F3E4771ACB17}.Release|Any CPU.Build.0 = Release|Any CPU
		{B45F5638-D210-407D-AE18-1215E3442BCA}.Debug|Any CPU.ActiveCfg = Debug|Any CPU
		{B45F5638-D210-407D-AE18-1215E3442BCA}.Debug|Any CPU.Build.0 = Debug|Any CPU
		{B45F5638-D210-407D-AE18-1215E3442BCA}.Release|Any CPU.ActiveCfg = Release|Any CPU
		{B45F5638-D210-407D-AE18-1215E3442BCA}.Release|Any CPU.Build.0 = Release|Any CPU
		{32C8E460-CC67-41D4-A6D8-ABC6EE166CDF}.Debug|Any CPU.ActiveCfg = Debug|Any CPU
		{32C8E460-CC67-41D4-A6D8-ABC6EE166CDF}.Debug|Any CPU.Build.0 = Debug|Any CPU
		{32C8E460-CC67-41D4-A6D8-ABC6EE166CDF}.Release|Any CPU.ActiveCfg = Release|Any CPU
		{32C8E460-CC67-41D4-A6D8-ABC6EE166CDF}.Release|Any CPU.Build.0 = Release|Any CPU
		{4C31C225-FEE9-412B-947E-9E36BF7B77FF}.Debug|Any CPU.ActiveCfg = Debug|Any CPU
		{4C31C225-FEE9-412B-947E-9E36BF7B77FF}.Debug|Any CPU.Build.0 = Debug|Any CPU
		{4C31C225-FEE9-412B-947E-9E36BF7B77FF}.Release|Any CPU.ActiveCfg = Release|Any CPU
		{4C31C225-FEE9-412B-947E-9E36BF7B77FF}.Release|Any CPU.Build.0 = Release|Any CPU
		{F1437017-B7F4-42AC-857B-7C4825A07651}.Debug|Any CPU.ActiveCfg = Debug|Any CPU
		{F1437017-B7F4-42AC-857B-7C4825A07651}.Debug|Any CPU.Build.0 = Debug|Any CPU
		{F1437017-B7F4-42AC-857B-7C4825A07651}.Release|Any CPU.ActiveCfg = Release|Any CPU
		{F1437017-B7F4-42AC-857B-7C4825A07651}.Release|Any CPU.Build.0 = Release|Any CPU
		{259D89B6-3195-4F11-943A-173D5A047C94}.Debug|Any CPU.ActiveCfg = Debug|Any CPU
		{259D89B6-3195-4F11-943A-173D5A047C94}.Debug|Any CPU.Build.0 = Debug|Any CPU
		{259D89B6-3195-4F11-943A-173D5A047C94}.Release|Any CPU.ActiveCfg = Release|Any CPU
		{259D89B6-3195-4F11-943A-173D5A047C94}.Release|Any CPU.Build.0 = Release|Any CPU
		{850FD7DB-4545-48B7-BEF7-20D3B68A7337}.Debug|Any CPU.ActiveCfg = Debug|Any CPU
		{850FD7DB-4545-48B7-BEF7-20D3B68A7337}.Debug|Any CPU.Build.0 = Debug|Any CPU
		{850FD7DB-4545-48B7-BEF7-20D3B68A7337}.Release|Any CPU.ActiveCfg = Release|Any CPU
		{850FD7DB-4545-48B7-BEF7-20D3B68A7337}.Release|Any CPU.Build.0 = Release|Any CPU
		{40BD4B4E-74BC-43C0-A76C-B06EA68D41F9}.Debug|Any CPU.ActiveCfg = Debug|Any CPU
		{40BD4B4E-74BC-43C0-A76C-B06EA68D41F9}.Debug|Any CPU.Build.0 = Debug|Any CPU
		{40BD4B4E-74BC-43C0-A76C-B06EA68D41F9}.Release|Any CPU.ActiveCfg = Release|Any CPU
		{40BD4B4E-74BC-43C0-A76C-B06EA68D41F9}.Release|Any CPU.Build.0 = Release|Any CPU
		{1F806D6A-BD94-425A-AAE5-8A2FE44538DF}.Debug|Any CPU.ActiveCfg = Debug|Any CPU
		{1F806D6A-BD94-425A-AAE5-8A2FE44538DF}.Debug|Any CPU.Build.0 = Debug|Any CPU
		{1F806D6A-BD94-425A-AAE5-8A2FE44538DF}.Release|Any CPU.ActiveCfg = Release|Any CPU
		{1F806D6A-BD94-425A-AAE5-8A2FE44538DF}.Release|Any CPU.Build.0 = Release|Any CPU
		{372527CC-D129-4535-BB3E-68D8F6680D03}.Debug|Any CPU.ActiveCfg = Debug|Any CPU
		{372527CC-D129-4535-BB3E-68D8F6680D03}.Debug|Any CPU.Build.0 = Debug|Any CPU
		{372527CC-D129-4535-BB3E-68D8F6680D03}.Release|Any CPU.ActiveCfg = Release|Any CPU
		{372527CC-D129-4535-BB3E-68D8F6680D03}.Release|Any CPU.Build.0 = Release|Any CPU
		{0392AA0A-D304-4FAF-A302-98055789AF3D}.Debug|Any CPU.ActiveCfg = Debug|Any CPU
		{0392AA0A-D304-4FAF-A302-98055789AF3D}.Debug|Any CPU.Build.0 = Debug|Any CPU
		{0392AA0A-D304-4FAF-A302-98055789AF3D}.Release|Any CPU.ActiveCfg = Release|Any CPU
		{0392AA0A-D304-4FAF-A302-98055789AF3D}.Release|Any CPU.Build.0 = Release|Any CPU
		{80303432-DA2E-41CC-93AE-629EE1FE2050}.Debug|Any CPU.ActiveCfg = Debug|Any CPU
		{80303432-DA2E-41CC-93AE-629EE1FE2050}.Debug|Any CPU.Build.0 = Debug|Any CPU
		{80303432-DA2E-41CC-93AE-629EE1FE2050}.Release|Any CPU.ActiveCfg = Release|Any CPU
		{80303432-DA2E-41CC-93AE-629EE1FE2050}.Release|Any CPU.Build.0 = Release|Any CPU
		{289CA70F-DB70-41D1-85E5-73C8AD92A259}.Debug|Any CPU.ActiveCfg = Debug|Any CPU
		{289CA70F-DB70-41D1-85E5-73C8AD92A259}.Debug|Any CPU.Build.0 = Debug|Any CPU
		{289CA70F-DB70-41D1-85E5-73C8AD92A259}.Release|Any CPU.ActiveCfg = Release|Any CPU
		{289CA70F-DB70-41D1-85E5-73C8AD92A259}.Release|Any CPU.Build.0 = Release|Any CPU
		{3EF8C9DF-9F5B-4831-BA54-251DC230B57E}.Debug|Any CPU.ActiveCfg = Debug|Any CPU
		{3EF8C9DF-9F5B-4831-BA54-251DC230B57E}.Debug|Any CPU.Build.0 = Debug|Any CPU
		{3EF8C9DF-9F5B-4831-BA54-251DC230B57E}.Release|Any CPU.ActiveCfg = Release|Any CPU
		{3EF8C9DF-9F5B-4831-BA54-251DC230B57E}.Release|Any CPU.Build.0 = Release|Any CPU
		{E8AAEBF1-6F69-425D-B001-0190FECA3797}.Debug|Any CPU.ActiveCfg = Debug|Any CPU
		{E8AAEBF1-6F69-425D-B001-0190FECA3797}.Debug|Any CPU.Build.0 = Debug|Any CPU
		{E8AAEBF1-6F69-425D-B001-0190FECA3797}.Release|Any CPU.ActiveCfg = Release|Any CPU
		{E8AAEBF1-6F69-425D-B001-0190FECA3797}.Release|Any CPU.Build.0 = Release|Any CPU
		{35FC0187-7061-4AF9-82D7-9402AFF92C5E}.Debug|Any CPU.ActiveCfg = Debug|Any CPU
		{35FC0187-7061-4AF9-82D7-9402AFF92C5E}.Debug|Any CPU.Build.0 = Debug|Any CPU
		{35FC0187-7061-4AF9-82D7-9402AFF92C5E}.Release|Any CPU.ActiveCfg = Release|Any CPU
		{35FC0187-7061-4AF9-82D7-9402AFF92C5E}.Release|Any CPU.Build.0 = Release|Any CPU
		{DB0B5BF0-4DE5-44BA-BC48-17207F146988}.Debug|Any CPU.ActiveCfg = Debug|Any CPU
		{DB0B5BF0-4DE5-44BA-BC48-17207F146988}.Debug|Any CPU.Build.0 = Debug|Any CPU
		{DB0B5BF0-4DE5-44BA-BC48-17207F146988}.Release|Any CPU.ActiveCfg = Release|Any CPU
		{DB0B5BF0-4DE5-44BA-BC48-17207F146988}.Release|Any CPU.Build.0 = Release|Any CPU
		{90210C34-6C1E-409A-B85E-C911FDA711DF}.Debug|Any CPU.ActiveCfg = Debug|Any CPU
		{90210C34-6C1E-409A-B85E-C911FDA711DF}.Debug|Any CPU.Build.0 = Debug|Any CPU
		{90210C34-6C1E-409A-B85E-C911FDA711DF}.Release|Any CPU.ActiveCfg = Release|Any CPU
		{90210C34-6C1E-409A-B85E-C911FDA711DF}.Release|Any CPU.Build.0 = Release|Any CPU
		{A9A21E82-CC40-43BC-8C55-ED08614AA552}.Debug|Any CPU.ActiveCfg = Debug|Any CPU
		{A9A21E82-CC40-43BC-8C55-ED08614AA552}.Debug|Any CPU.Build.0 = Debug|Any CPU
		{A9A21E82-CC40-43BC-8C55-ED08614AA552}.Release|Any CPU.ActiveCfg = Release|Any CPU
		{A9A21E82-CC40-43BC-8C55-ED08614AA552}.Release|Any CPU.Build.0 = Release|Any CPU
		{DE13A6F5-F85D-490F-841C-590E2423151E}.Debug|Any CPU.ActiveCfg = Debug|Any CPU
		{DE13A6F5-F85D-490F-841C-590E2423151E}.Debug|Any CPU.Build.0 = Debug|Any CPU
		{DE13A6F5-F85D-490F-841C-590E2423151E}.Release|Any CPU.ActiveCfg = Release|Any CPU
		{DE13A6F5-F85D-490F-841C-590E2423151E}.Release|Any CPU.Build.0 = Release|Any CPU
		{8695367D-D5F6-4C89-B004-28F8114F5172}.Debug|Any CPU.ActiveCfg = Debug|Any CPU
		{8695367D-D5F6-4C89-B004-28F8114F5172}.Debug|Any CPU.Build.0 = Debug|Any CPU
		{8695367D-D5F6-4C89-B004-28F8114F5172}.Release|Any CPU.ActiveCfg = Release|Any CPU
		{8695367D-D5F6-4C89-B004-28F8114F5172}.Release|Any CPU.Build.0 = Release|Any CPU
		{BE0CE5D0-1DA3-4A4C-89B5-55C9DFFCDD46}.Debug|Any CPU.ActiveCfg = Debug|Any CPU
		{BE0CE5D0-1DA3-4A4C-89B5-55C9DFFCDD46}.Debug|Any CPU.Build.0 = Debug|Any CPU
		{BE0CE5D0-1DA3-4A4C-89B5-55C9DFFCDD46}.Release|Any CPU.ActiveCfg = Release|Any CPU
		{BE0CE5D0-1DA3-4A4C-89B5-55C9DFFCDD46}.Release|Any CPU.Build.0 = Release|Any CPU
		{45701F51-FDE9-45FD-A9CA-45E937E373C1}.Debug|Any CPU.ActiveCfg = Debug|Any CPU
		{45701F51-FDE9-45FD-A9CA-45E937E373C1}.Debug|Any CPU.Build.0 = Debug|Any CPU
		{45701F51-FDE9-45FD-A9CA-45E937E373C1}.Release|Any CPU.ActiveCfg = Release|Any CPU
		{45701F51-FDE9-45FD-A9CA-45E937E373C1}.Release|Any CPU.Build.0 = Release|Any CPU
		{833897E1-35A8-4751-B7AE-C156EDE1CC94}.Debug|Any CPU.ActiveCfg = Debug|Any CPU
		{833897E1-35A8-4751-B7AE-C156EDE1CC94}.Debug|Any CPU.Build.0 = Debug|Any CPU
		{833897E1-35A8-4751-B7AE-C156EDE1CC94}.Release|Any CPU.ActiveCfg = Release|Any CPU
		{833897E1-35A8-4751-B7AE-C156EDE1CC94}.Release|Any CPU.Build.0 = Release|Any CPU
		{FB3DD63A-72BE-4004-B58A-1B08C8AFB30A}.Debug|Any CPU.ActiveCfg = Debug|Any CPU
		{FB3DD63A-72BE-4004-B58A-1B08C8AFB30A}.Debug|Any CPU.Build.0 = Debug|Any CPU
		{FB3DD63A-72BE-4004-B58A-1B08C8AFB30A}.Release|Any CPU.ActiveCfg = Release|Any CPU
		{FB3DD63A-72BE-4004-B58A-1B08C8AFB30A}.Release|Any CPU.Build.0 = Release|Any CPU
		{09AF36AE-171A-4330-B57E-D9DF372EEAD4}.Debug|Any CPU.ActiveCfg = Debug|Any CPU
		{09AF36AE-171A-4330-B57E-D9DF372EEAD4}.Debug|Any CPU.Build.0 = Debug|Any CPU
		{09AF36AE-171A-4330-B57E-D9DF372EEAD4}.Release|Any CPU.ActiveCfg = Release|Any CPU
		{09AF36AE-171A-4330-B57E-D9DF372EEAD4}.Release|Any CPU.Build.0 = Release|Any CPU
		{C27FC68E-8540-491F-8B32-AC248E508DC7}.Debug|Any CPU.ActiveCfg = Debug|Any CPU
		{C27FC68E-8540-491F-8B32-AC248E508DC7}.Debug|Any CPU.Build.0 = Debug|Any CPU
		{C27FC68E-8540-491F-8B32-AC248E508DC7}.Release|Any CPU.ActiveCfg = Release|Any CPU
		{C27FC68E-8540-491F-8B32-AC248E508DC7}.Release|Any CPU.Build.0 = Release|Any CPU
		{E78C589B-E9C9-4668-80CB-0DD6B00DC556}.Debug|Any CPU.ActiveCfg = Debug|Any CPU
		{E78C589B-E9C9-4668-80CB-0DD6B00DC556}.Debug|Any CPU.Build.0 = Debug|Any CPU
		{E78C589B-E9C9-4668-80CB-0DD6B00DC556}.Release|Any CPU.ActiveCfg = Release|Any CPU
		{E78C589B-E9C9-4668-80CB-0DD6B00DC556}.Release|Any CPU.Build.0 = Release|Any CPU
		{779205BC-457B-4026-A8DC-8FD82E5A3F4A}.Debug|Any CPU.ActiveCfg = Debug|Any CPU
		{779205BC-457B-4026-A8DC-8FD82E5A3F4A}.Debug|Any CPU.Build.0 = Debug|Any CPU
		{779205BC-457B-4026-A8DC-8FD82E5A3F4A}.Release|Any CPU.ActiveCfg = Release|Any CPU
		{779205BC-457B-4026-A8DC-8FD82E5A3F4A}.Release|Any CPU.Build.0 = Release|Any CPU
		{9C4C221B-FE6B-43B3-8C80-4CC2E503EAB5}.Debug|Any CPU.ActiveCfg = Debug|Any CPU
		{9C4C221B-FE6B-43B3-8C80-4CC2E503EAB5}.Debug|Any CPU.Build.0 = Debug|Any CPU
		{9C4C221B-FE6B-43B3-8C80-4CC2E503EAB5}.Release|Any CPU.ActiveCfg = Release|Any CPU
		{9C4C221B-FE6B-43B3-8C80-4CC2E503EAB5}.Release|Any CPU.Build.0 = Release|Any CPU
		{A2A4260C-E83B-47C2-B637-143315F0AEA9}.Debug|Any CPU.ActiveCfg = Debug|Any CPU
		{A2A4260C-E83B-47C2-B637-143315F0AEA9}.Debug|Any CPU.Build.0 = Debug|Any CPU
		{A2A4260C-E83B-47C2-B637-143315F0AEA9}.Release|Any CPU.ActiveCfg = Release|Any CPU
		{A2A4260C-E83B-47C2-B637-143315F0AEA9}.Release|Any CPU.Build.0 = Release|Any CPU
		{F12CD85A-F0E3-49C4-9529-54962577DBF9}.Debug|Any CPU.ActiveCfg = Debug|Any CPU
		{F12CD85A-F0E3-49C4-9529-54962577DBF9}.Debug|Any CPU.Build.0 = Debug|Any CPU
		{F12CD85A-F0E3-49C4-9529-54962577DBF9}.Release|Any CPU.ActiveCfg = Release|Any CPU
		{F12CD85A-F0E3-49C4-9529-54962577DBF9}.Release|Any CPU.Build.0 = Release|Any CPU
		{2BE1591E-8D92-4641-B8C5-57C6F3A83890}.Debug|Any CPU.ActiveCfg = Debug|Any CPU
		{2BE1591E-8D92-4641-B8C5-57C6F3A83890}.Debug|Any CPU.Build.0 = Debug|Any CPU
		{2BE1591E-8D92-4641-B8C5-57C6F3A83890}.Release|Any CPU.ActiveCfg = Release|Any CPU
		{2BE1591E-8D92-4641-B8C5-57C6F3A83890}.Release|Any CPU.Build.0 = Release|Any CPU
		{54A0CB20-B252-44AB-ABDA-9CBCC722A2BE}.Debug|Any CPU.ActiveCfg = Debug|Any CPU
		{54A0CB20-B252-44AB-ABDA-9CBCC722A2BE}.Debug|Any CPU.Build.0 = Debug|Any CPU
		{54A0CB20-B252-44AB-ABDA-9CBCC722A2BE}.Release|Any CPU.ActiveCfg = Release|Any CPU
		{54A0CB20-B252-44AB-ABDA-9CBCC722A2BE}.Release|Any CPU.Build.0 = Release|Any CPU
		{5C35429B-E106-4D06-83A6-15E98D379E72}.Debug|Any CPU.ActiveCfg = Debug|Any CPU
		{5C35429B-E106-4D06-83A6-15E98D379E72}.Debug|Any CPU.Build.0 = Debug|Any CPU
		{5C35429B-E106-4D06-83A6-15E98D379E72}.Release|Any CPU.ActiveCfg = Release|Any CPU
		{5C35429B-E106-4D06-83A6-15E98D379E72}.Release|Any CPU.Build.0 = Release|Any CPU
		{274728D3-25F4-48B5-A6E7-AD4D20479BEA}.Debug|Any CPU.ActiveCfg = Debug|Any CPU
		{274728D3-25F4-48B5-A6E7-AD4D20479BEA}.Debug|Any CPU.Build.0 = Debug|Any CPU
		{274728D3-25F4-48B5-A6E7-AD4D20479BEA}.Release|Any CPU.ActiveCfg = Release|Any CPU
		{274728D3-25F4-48B5-A6E7-AD4D20479BEA}.Release|Any CPU.Build.0 = Release|Any CPU
		{E4F7F71F-5E5F-4511-BF97-927F02421C9C}.Debug|Any CPU.ActiveCfg = Debug|Any CPU
		{E4F7F71F-5E5F-4511-BF97-927F02421C9C}.Debug|Any CPU.Build.0 = Debug|Any CPU
		{E4F7F71F-5E5F-4511-BF97-927F02421C9C}.Release|Any CPU.ActiveCfg = Release|Any CPU
		{E4F7F71F-5E5F-4511-BF97-927F02421C9C}.Release|Any CPU.Build.0 = Release|Any CPU
		{7264CD1E-BC57-469F-A297-0B5A7365D4CF}.Debug|Any CPU.ActiveCfg = Debug|Any CPU
		{7264CD1E-BC57-469F-A297-0B5A7365D4CF}.Debug|Any CPU.Build.0 = Debug|Any CPU
		{7264CD1E-BC57-469F-A297-0B5A7365D4CF}.Release|Any CPU.ActiveCfg = Release|Any CPU
		{7264CD1E-BC57-469F-A297-0B5A7365D4CF}.Release|Any CPU.Build.0 = Release|Any CPU
		{569339EC-B548-4BED-B8FD-969C0F24AE0C}.Debug|Any CPU.ActiveCfg = Debug|Any CPU
		{569339EC-B548-4BED-B8FD-969C0F24AE0C}.Debug|Any CPU.Build.0 = Debug|Any CPU
		{569339EC-B548-4BED-B8FD-969C0F24AE0C}.Release|Any CPU.ActiveCfg = Release|Any CPU
		{569339EC-B548-4BED-B8FD-969C0F24AE0C}.Release|Any CPU.Build.0 = Release|Any CPU
		{91C28451-AE4F-4C73-9CC5-2F3DFE20B93C}.Debug|Any CPU.ActiveCfg = Debug|Any CPU
		{91C28451-AE4F-4C73-9CC5-2F3DFE20B93C}.Debug|Any CPU.Build.0 = Debug|Any CPU
		{91C28451-AE4F-4C73-9CC5-2F3DFE20B93C}.Release|Any CPU.ActiveCfg = Release|Any CPU
		{91C28451-AE4F-4C73-9CC5-2F3DFE20B93C}.Release|Any CPU.Build.0 = Release|Any CPU
		{73FFBF06-05AC-49FB-ACA0-E406759E1240}.Debug|Any CPU.ActiveCfg = Debug|Any CPU
		{73FFBF06-05AC-49FB-ACA0-E406759E1240}.Debug|Any CPU.Build.0 = Debug|Any CPU
		{73FFBF06-05AC-49FB-ACA0-E406759E1240}.Release|Any CPU.ActiveCfg = Release|Any CPU
		{73FFBF06-05AC-49FB-ACA0-E406759E1240}.Release|Any CPU.Build.0 = Release|Any CPU
		{31A56131-9230-4A31-976D-465677819E86}.Debug|Any CPU.ActiveCfg = Debug|Any CPU
		{31A56131-9230-4A31-976D-465677819E86}.Debug|Any CPU.Build.0 = Debug|Any CPU
		{31A56131-9230-4A31-976D-465677819E86}.Release|Any CPU.ActiveCfg = Release|Any CPU
		{31A56131-9230-4A31-976D-465677819E86}.Release|Any CPU.Build.0 = Release|Any CPU
		{136CB78B-9208-46B0-BB9A-3F6AE3B37E5A}.Debug|Any CPU.ActiveCfg = Debug|Any CPU
		{136CB78B-9208-46B0-BB9A-3F6AE3B37E5A}.Debug|Any CPU.Build.0 = Debug|Any CPU
		{136CB78B-9208-46B0-BB9A-3F6AE3B37E5A}.Release|Any CPU.ActiveCfg = Release|Any CPU
		{136CB78B-9208-46B0-BB9A-3F6AE3B37E5A}.Release|Any CPU.Build.0 = Release|Any CPU
		{409B72F4-2C02-478F-9156-9F911F197BAC}.Debug|Any CPU.ActiveCfg = Debug|Any CPU
		{409B72F4-2C02-478F-9156-9F911F197BAC}.Debug|Any CPU.Build.0 = Debug|Any CPU
		{409B72F4-2C02-478F-9156-9F911F197BAC}.Release|Any CPU.ActiveCfg = Release|Any CPU
		{409B72F4-2C02-478F-9156-9F911F197BAC}.Release|Any CPU.Build.0 = Release|Any CPU
		{531D092E-8FE0-4DAD-9823-C6B010EC7788}.Debug|Any CPU.ActiveCfg = Debug|Any CPU
		{531D092E-8FE0-4DAD-9823-C6B010EC7788}.Debug|Any CPU.Build.0 = Debug|Any CPU
		{531D092E-8FE0-4DAD-9823-C6B010EC7788}.Release|Any CPU.ActiveCfg = Release|Any CPU
		{531D092E-8FE0-4DAD-9823-C6B010EC7788}.Release|Any CPU.Build.0 = Release|Any CPU
		{F4D6454C-766A-473E-AA5A-88BEFC129B78}.Debug|Any CPU.ActiveCfg = Debug|Any CPU
		{F4D6454C-766A-473E-AA5A-88BEFC129B78}.Debug|Any CPU.Build.0 = Debug|Any CPU
		{F4D6454C-766A-473E-AA5A-88BEFC129B78}.Release|Any CPU.ActiveCfg = Release|Any CPU
		{F4D6454C-766A-473E-AA5A-88BEFC129B78}.Release|Any CPU.Build.0 = Release|Any CPU
		{09548C63-08A1-4529-AACB-6A02CBDD04AC}.Debug|Any CPU.ActiveCfg = Debug|Any CPU
		{09548C63-08A1-4529-AACB-6A02CBDD04AC}.Debug|Any CPU.Build.0 = Debug|Any CPU
		{09548C63-08A1-4529-AACB-6A02CBDD04AC}.Release|Any CPU.ActiveCfg = Release|Any CPU
		{09548C63-08A1-4529-AACB-6A02CBDD04AC}.Release|Any CPU.Build.0 = Release|Any CPU
		{8DF57917-9A84-49D8-8CDC-0A34C5082B38}.Debug|Any CPU.ActiveCfg = Debug|Any CPU
		{8DF57917-9A84-49D8-8CDC-0A34C5082B38}.Debug|Any CPU.Build.0 = Debug|Any CPU
		{8DF57917-9A84-49D8-8CDC-0A34C5082B38}.Release|Any CPU.ActiveCfg = Release|Any CPU
		{8DF57917-9A84-49D8-8CDC-0A34C5082B38}.Release|Any CPU.Build.0 = Release|Any CPU
		{04CF80A3-370D-46E4-BEC6-20C3C501F4AD}.Debug|Any CPU.ActiveCfg = Debug|Any CPU
		{04CF80A3-370D-46E4-BEC6-20C3C501F4AD}.Debug|Any CPU.Build.0 = Debug|Any CPU
		{04CF80A3-370D-46E4-BEC6-20C3C501F4AD}.Release|Any CPU.ActiveCfg = Release|Any CPU
		{04CF80A3-370D-46E4-BEC6-20C3C501F4AD}.Release|Any CPU.Build.0 = Release|Any CPU
		{F8BF62B3-A5F1-4048-8952-4C99751092F5}.Debug|Any CPU.ActiveCfg = Debug|Any CPU
		{F8BF62B3-A5F1-4048-8952-4C99751092F5}.Debug|Any CPU.Build.0 = Debug|Any CPU
		{F8BF62B3-A5F1-4048-8952-4C99751092F5}.Release|Any CPU.ActiveCfg = Release|Any CPU
		{F8BF62B3-A5F1-4048-8952-4C99751092F5}.Release|Any CPU.Build.0 = Release|Any CPU
		{9212A8B9-F001-4369-B772-A42C243B69DC}.Debug|Any CPU.ActiveCfg = Debug|Any CPU
		{9212A8B9-F001-4369-B772-A42C243B69DC}.Debug|Any CPU.Build.0 = Debug|Any CPU
		{9212A8B9-F001-4369-B772-A42C243B69DC}.Release|Any CPU.ActiveCfg = Release|Any CPU
		{9212A8B9-F001-4369-B772-A42C243B69DC}.Release|Any CPU.Build.0 = Release|Any CPU
		{20A4E1F5-248B-4EBF-87B1-4E99BE70E512}.Debug|Any CPU.ActiveCfg = Debug|Any CPU
		{20A4E1F5-248B-4EBF-87B1-4E99BE70E512}.Debug|Any CPU.Build.0 = Debug|Any CPU
		{20A4E1F5-248B-4EBF-87B1-4E99BE70E512}.Release|Any CPU.ActiveCfg = Release|Any CPU
		{20A4E1F5-248B-4EBF-87B1-4E99BE70E512}.Release|Any CPU.Build.0 = Release|Any CPU
		{A48F49D7-F375-44DF-B1A6-16C86D8F9B63}.Debug|Any CPU.ActiveCfg = Debug|Any CPU
		{A48F49D7-F375-44DF-B1A6-16C86D8F9B63}.Debug|Any CPU.Build.0 = Debug|Any CPU
		{A48F49D7-F375-44DF-B1A6-16C86D8F9B63}.Release|Any CPU.ActiveCfg = Release|Any CPU
		{A48F49D7-F375-44DF-B1A6-16C86D8F9B63}.Release|Any CPU.Build.0 = Release|Any CPU
		{74FB1D5B-C73C-4122-BBFA-671A00131253}.Debug|Any CPU.ActiveCfg = Debug|Any CPU
		{74FB1D5B-C73C-4122-BBFA-671A00131253}.Debug|Any CPU.Build.0 = Debug|Any CPU
		{74FB1D5B-C73C-4122-BBFA-671A00131253}.Release|Any CPU.ActiveCfg = Release|Any CPU
		{74FB1D5B-C73C-4122-BBFA-671A00131253}.Release|Any CPU.Build.0 = Release|Any CPU
		{CDF2116A-11C1-41ED-AFE1-77867BB462AC}.Debug|Any CPU.ActiveCfg = Debug|Any CPU
		{CDF2116A-11C1-41ED-AFE1-77867BB462AC}.Debug|Any CPU.Build.0 = Debug|Any CPU
		{CDF2116A-11C1-41ED-AFE1-77867BB462AC}.Release|Any CPU.ActiveCfg = Release|Any CPU
		{CDF2116A-11C1-41ED-AFE1-77867BB462AC}.Release|Any CPU.Build.0 = Release|Any CPU
		{75A44F07-75ED-49AC-8F19-15CF72A0064D}.Debug|Any CPU.ActiveCfg = Debug|Any CPU
		{75A44F07-75ED-49AC-8F19-15CF72A0064D}.Debug|Any CPU.Build.0 = Debug|Any CPU
		{75A44F07-75ED-49AC-8F19-15CF72A0064D}.Release|Any CPU.ActiveCfg = Release|Any CPU
		{75A44F07-75ED-49AC-8F19-15CF72A0064D}.Release|Any CPU.Build.0 = Release|Any CPU
		{4D90FE73-EE8E-475D-AE66-FCA5C61798B1}.Debug|Any CPU.ActiveCfg = Debug|Any CPU
		{4D90FE73-EE8E-475D-AE66-FCA5C61798B1}.Debug|Any CPU.Build.0 = Debug|Any CPU
		{4D90FE73-EE8E-475D-AE66-FCA5C61798B1}.Release|Any CPU.ActiveCfg = Release|Any CPU
		{4D90FE73-EE8E-475D-AE66-FCA5C61798B1}.Release|Any CPU.Build.0 = Release|Any CPU
		{7F37C03F-9CEC-4ED7-8A41-EC350D204E9D}.Debug|Any CPU.ActiveCfg = Debug|Any CPU
		{7F37C03F-9CEC-4ED7-8A41-EC350D204E9D}.Debug|Any CPU.Build.0 = Debug|Any CPU
		{7F37C03F-9CEC-4ED7-8A41-EC350D204E9D}.Release|Any CPU.ActiveCfg = Release|Any CPU
		{7F37C03F-9CEC-4ED7-8A41-EC350D204E9D}.Release|Any CPU.Build.0 = Release|Any CPU
		{B03B8133-23BF-4859-8E31-748538DAFA17}.Debug|Any CPU.ActiveCfg = Debug|Any CPU
		{B03B8133-23BF-4859-8E31-748538DAFA17}.Debug|Any CPU.Build.0 = Debug|Any CPU
		{B03B8133-23BF-4859-8E31-748538DAFA17}.Release|Any CPU.ActiveCfg = Release|Any CPU
		{B03B8133-23BF-4859-8E31-748538DAFA17}.Release|Any CPU.Build.0 = Release|Any CPU
		{81C20E43-3745-420F-A642-0C8140EA6175}.Debug|Any CPU.ActiveCfg = Debug|Any CPU
		{81C20E43-3745-420F-A642-0C8140EA6175}.Debug|Any CPU.Build.0 = Debug|Any CPU
		{81C20E43-3745-420F-A642-0C8140EA6175}.Release|Any CPU.ActiveCfg = Release|Any CPU
		{81C20E43-3745-420F-A642-0C8140EA6175}.Release|Any CPU.Build.0 = Release|Any CPU
		{62778E3B-33D2-4D1D-8B89-6112A8D6EA3E}.Debug|Any CPU.ActiveCfg = Debug|Any CPU
		{62778E3B-33D2-4D1D-8B89-6112A8D6EA3E}.Debug|Any CPU.Build.0 = Debug|Any CPU
		{62778E3B-33D2-4D1D-8B89-6112A8D6EA3E}.Release|Any CPU.ActiveCfg = Release|Any CPU
		{62778E3B-33D2-4D1D-8B89-6112A8D6EA3E}.Release|Any CPU.Build.0 = Release|Any CPU
		{01AFB553-AD23-4125-BB0E-ACAA6FABBD55}.Debug|Any CPU.ActiveCfg = Debug|Any CPU
		{01AFB553-AD23-4125-BB0E-ACAA6FABBD55}.Debug|Any CPU.Build.0 = Debug|Any CPU
		{01AFB553-AD23-4125-BB0E-ACAA6FABBD55}.Release|Any CPU.ActiveCfg = Release|Any CPU
		{01AFB553-AD23-4125-BB0E-ACAA6FABBD55}.Release|Any CPU.Build.0 = Release|Any CPU
		{952D6649-D183-44AE-B17F-569C1503EF31}.Debug|Any CPU.ActiveCfg = Debug|Any CPU
		{952D6649-D183-44AE-B17F-569C1503EF31}.Debug|Any CPU.Build.0 = Debug|Any CPU
		{952D6649-D183-44AE-B17F-569C1503EF31}.Release|Any CPU.ActiveCfg = Release|Any CPU
		{952D6649-D183-44AE-B17F-569C1503EF31}.Release|Any CPU.Build.0 = Release|Any CPU
		{AA1B9C46-8A17-4754-BEEC-79B15F80BAB7}.Debug|Any CPU.ActiveCfg = Debug|Any CPU
		{AA1B9C46-8A17-4754-BEEC-79B15F80BAB7}.Debug|Any CPU.Build.0 = Debug|Any CPU
		{AA1B9C46-8A17-4754-BEEC-79B15F80BAB7}.Release|Any CPU.ActiveCfg = Release|Any CPU
		{AA1B9C46-8A17-4754-BEEC-79B15F80BAB7}.Release|Any CPU.Build.0 = Release|Any CPU
		{793EACD4-7958-4D72-A444-15FF96359377}.Debug|Any CPU.ActiveCfg = Debug|Any CPU
		{793EACD4-7958-4D72-A444-15FF96359377}.Debug|Any CPU.Build.0 = Debug|Any CPU
		{793EACD4-7958-4D72-A444-15FF96359377}.Release|Any CPU.ActiveCfg = Release|Any CPU
		{793EACD4-7958-4D72-A444-15FF96359377}.Release|Any CPU.Build.0 = Release|Any CPU
		{DBD07B2E-5FAB-4526-AE0E-147749561D23}.Debug|Any CPU.ActiveCfg = Debug|Any CPU
		{DBD07B2E-5FAB-4526-AE0E-147749561D23}.Debug|Any CPU.Build.0 = Debug|Any CPU
		{DBD07B2E-5FAB-4526-AE0E-147749561D23}.Release|Any CPU.ActiveCfg = Release|Any CPU
		{DBD07B2E-5FAB-4526-AE0E-147749561D23}.Release|Any CPU.Build.0 = Release|Any CPU
		{DA3713C5-DDC9-4217-A52C-57D61AD3ACCB}.Debug|Any CPU.ActiveCfg = Debug|Any CPU
		{DA3713C5-DDC9-4217-A52C-57D61AD3ACCB}.Debug|Any CPU.Build.0 = Debug|Any CPU
		{DA3713C5-DDC9-4217-A52C-57D61AD3ACCB}.Release|Any CPU.ActiveCfg = Release|Any CPU
		{DA3713C5-DDC9-4217-A52C-57D61AD3ACCB}.Release|Any CPU.Build.0 = Release|Any CPU
		{31D2BFF1-5B85-4E48-91D2-2B52E3D617E4}.Debug|Any CPU.ActiveCfg = Debug|Any CPU
		{31D2BFF1-5B85-4E48-91D2-2B52E3D617E4}.Debug|Any CPU.Build.0 = Debug|Any CPU
		{31D2BFF1-5B85-4E48-91D2-2B52E3D617E4}.Release|Any CPU.ActiveCfg = Release|Any CPU
		{31D2BFF1-5B85-4E48-91D2-2B52E3D617E4}.Release|Any CPU.Build.0 = Release|Any CPU
		{EB961676-42B4-4AB0-B4E0-5DDFB04520CD}.Debug|Any CPU.ActiveCfg = Debug|Any CPU
		{EB961676-42B4-4AB0-B4E0-5DDFB04520CD}.Debug|Any CPU.Build.0 = Debug|Any CPU
		{EB961676-42B4-4AB0-B4E0-5DDFB04520CD}.Release|Any CPU.ActiveCfg = Release|Any CPU
		{EB961676-42B4-4AB0-B4E0-5DDFB04520CD}.Release|Any CPU.Build.0 = Release|Any CPU
	EndGlobalSection
	GlobalSection(SolutionProperties) = preSolution
		HideSolutionNode = FALSE
	EndGlobalSection
	GlobalSection(NestedProjects) = preSolution
		{D309D017-5F45-424F-84D7-A7DD2C79418A} = {6076A9D8-B896-45E7-9E40-3A27B424E09E}
		{70E19E15-56C8-4161-A9D4-A7ACC07CD1C3} = {6076A9D8-B896-45E7-9E40-3A27B424E09E}
		{3FF56715-E878-4A54-974A-541833A7AC28} = {6076A9D8-B896-45E7-9E40-3A27B424E09E}
		{85B5BE26-01B3-4423-A676-73323AAAF298} = {6076A9D8-B896-45E7-9E40-3A27B424E09E}
		{8CB5CC2B-373A-45BF-A5C2-BAF8E7F0731D} = {6076A9D8-B896-45E7-9E40-3A27B424E09E}
		{5D66B201-89DD-4709-A4C2-C7EA19A58E51} = {6076A9D8-B896-45E7-9E40-3A27B424E09E}
		{E431B6E0-DB54-445F-9B0B-41F944CB7139} = {6076A9D8-B896-45E7-9E40-3A27B424E09E}
		{845219E6-3757-4DAC-B809-95666ABC8975} = {6076A9D8-B896-45E7-9E40-3A27B424E09E}
		{332325E1-3EEC-49EA-8F41-BF0454232896} = {6076A9D8-B896-45E7-9E40-3A27B424E09E}
		{D7C991A2-8E08-4C0D-8378-420209E78B7C} = {6076A9D8-B896-45E7-9E40-3A27B424E09E}
		{94CCDC3B-AF2E-448D-B590-A5E1C9DF8C73} = {05698DC1-37CD-4F9D-BB1D-994843F547D2}
		{661CB7FC-7A47-4BF3-81CF-54530CAFA662} = {94CCDC3B-AF2E-448D-B590-A5E1C9DF8C73}
		{B93C43CF-DC0A-418E-B78B-7138A613AC16} = {94CCDC3B-AF2E-448D-B590-A5E1C9DF8C73}
		{2DFCA60B-5763-4E68-8554-33E92643D107} = {FB9A3FF2-0D20-41C0-AEB1-886E0F7F4EE8}
		{FD9082C4-8024-4964-82BC-BE62FBD240F0} = {FB9A3FF2-0D20-41C0-AEB1-886E0F7F4EE8}
		{C87578C3-801D-43C4-BFCC-3AACFCE068A9} = {FB9A3FF2-0D20-41C0-AEB1-886E0F7F4EE8}
		{ACC5328E-9866-4E51-9633-946303E5CAC4} = {FB9A3FF2-0D20-41C0-AEB1-886E0F7F4EE8}
		{AB15DEF6-5E09-4038-8104-9666BD14A04B} = {FB9A3FF2-0D20-41C0-AEB1-886E0F7F4EE8}
		{5345D018-B182-4C27-9328-A053411F6A78} = {FB9A3FF2-0D20-41C0-AEB1-886E0F7F4EE8}
		{86FCFF77-2EFE-42E2-BFA3-14954301731A} = {FB9A3FF2-0D20-41C0-AEB1-886E0F7F4EE8}
		{2C2E6030-23C0-4EB9-8730-BB455C28162C} = {FB9A3FF2-0D20-41C0-AEB1-886E0F7F4EE8}
		{1B7BEBCF-5691-4F48-87C2-AFDD81E68D9A} = {78FF7AA9-1941-4ED1-938A-276D863567C4}
		{970BD19B-99B4-4748-9603-F27757BD509F} = {78FF7AA9-1941-4ED1-938A-276D863567C4}
		{F97E33E4-5908-4FA7-8E64-20D775902275} = {78FF7AA9-1941-4ED1-938A-276D863567C4}
		{786935B9-E0A1-4AF7-B367-8415B1DA652E} = {78FF7AA9-1941-4ED1-938A-276D863567C4}
		{E4D30A9B-40CF-4106-8DAF-25F6FC58809A} = {78FF7AA9-1941-4ED1-938A-276D863567C4}
		{09FF2210-674D-4346-96C0-5F6A944CBD6D} = {735BDA86-F7F1-4882-BB4A-7A9701A1E6F0}
		{4DD883F4-0C4E-498C-86AA-6513B87886D4} = {735BDA86-F7F1-4882-BB4A-7A9701A1E6F0}
		{A2A43692-2AFD-4BE2-8E3E-DA9431D8BC2E} = {735BDA86-F7F1-4882-BB4A-7A9701A1E6F0}
		{220A3DF5-F3B0-454B-8D97-F6700B044A9C} = {1960F564-7F9F-400B-9B25-E07D12577B1A}
		{7E13A704-7B22-460B-84BA-C4095A7CC76F} = {1960F564-7F9F-400B-9B25-E07D12577B1A}
		{577EB848-4C89-4F98-A178-75F8747B74E3} = {1960F564-7F9F-400B-9B25-E07D12577B1A}
		{999EC9A8-9A51-4809-B4A6-ECBC61B7787C} = {1960F564-7F9F-400B-9B25-E07D12577B1A}
		{7D69A393-3D68-4A74-A607-5E01C41482C5} = {1960F564-7F9F-400B-9B25-E07D12577B1A}
		{23F14D9A-7DF0-4BA6-B42C-FCBC18759B16} = {1960F564-7F9F-400B-9B25-E07D12577B1A}
		{B5166DAF-2715-4D85-BA7B-1C3F7AEBDAB3} = {1960F564-7F9F-400B-9B25-E07D12577B1A}
		{7F605ED6-D04E-4BCD-AA69-7A81E9F040F2} = {1960F564-7F9F-400B-9B25-E07D12577B1A}
		{BC154B60-A71A-412D-A1E8-A2A3FC5E4386} = {1960F564-7F9F-400B-9B25-E07D12577B1A}
		{254A28FA-E97A-4E32-AB58-73D50427B501} = {1960F564-7F9F-400B-9B25-E07D12577B1A}
		{3ED51B61-A8D0-48E1-98D4-D26A513DF6F7} = {1960F564-7F9F-400B-9B25-E07D12577B1A}
		{01947776-4B78-4C49-B151-D4585BC4F521} = {1960F564-7F9F-400B-9B25-E07D12577B1A}
		{A65D374F-1B40-42EB-BDB8-0BE18937AE76} = {1960F564-7F9F-400B-9B25-E07D12577B1A}
		{25CE857F-597C-4EB4-98E4-F706B7E06D1A} = {1960F564-7F9F-400B-9B25-E07D12577B1A}
		{724D27A7-817C-4A25-992C-B0BD5C2ADCD3} = {1960F564-7F9F-400B-9B25-E07D12577B1A}
		{79BA5040-6F3C-4777-850C-EC6B631B3FFC} = {1960F564-7F9F-400B-9B25-E07D12577B1A}
		{7D43CC17-73D7-4CF9-9CE4-DEACFE3CE892} = {1960F564-7F9F-400B-9B25-E07D12577B1A}
		{5018BFD5-F2F3-446F-AFAB-CAE68F5D41B6} = {1960F564-7F9F-400B-9B25-E07D12577B1A}
		{2B3DB34D-ECA6-4DE3-A43B-115B5FC078FF} = {1960F564-7F9F-400B-9B25-E07D12577B1A}
		{63225056-CDA7-4085-BB3B-3B0BBBBE6C7A} = {1960F564-7F9F-400B-9B25-E07D12577B1A}
		{5A08726D-F27D-4C1C-869E-1D4B9C9CA391} = {1960F564-7F9F-400B-9B25-E07D12577B1A}
		{F0E0017C-1DFD-4BCD-A138-89DC9C4A98F8} = {1960F564-7F9F-400B-9B25-E07D12577B1A}
		{8D8EA887-42CF-450E-96BC-6DCF103F34F6} = {1960F564-7F9F-400B-9B25-E07D12577B1A}
		{48B289AA-5CE9-489E-A28C-C50BA8D307E6} = {128A726E-2D2F-4FEC-9CB7-3D8A18E34417}
		{AC6B805B-30B6-457D-B269-5CAD152BF519} = {128A726E-2D2F-4FEC-9CB7-3D8A18E34417}
		{0292E88E-CF31-49EC-99E3-F3E4771ACB17} = {128A726E-2D2F-4FEC-9CB7-3D8A18E34417}
		{B45F5638-D210-407D-AE18-1215E3442BCA} = {128A726E-2D2F-4FEC-9CB7-3D8A18E34417}
		{32C8E460-CC67-41D4-A6D8-ABC6EE166CDF} = {128A726E-2D2F-4FEC-9CB7-3D8A18E34417}
		{4C31C225-FEE9-412B-947E-9E36BF7B77FF} = {128A726E-2D2F-4FEC-9CB7-3D8A18E34417}
		{F1437017-B7F4-42AC-857B-7C4825A07651} = {128A726E-2D2F-4FEC-9CB7-3D8A18E34417}
		{259D89B6-3195-4F11-943A-173D5A047C94} = {128A726E-2D2F-4FEC-9CB7-3D8A18E34417}
		{850FD7DB-4545-48B7-BEF7-20D3B68A7337} = {128A726E-2D2F-4FEC-9CB7-3D8A18E34417}
		{40BD4B4E-74BC-43C0-A76C-B06EA68D41F9} = {128A726E-2D2F-4FEC-9CB7-3D8A18E34417}
		{1F806D6A-BD94-425A-AAE5-8A2FE44538DF} = {128A726E-2D2F-4FEC-9CB7-3D8A18E34417}
		{372527CC-D129-4535-BB3E-68D8F6680D03} = {128A726E-2D2F-4FEC-9CB7-3D8A18E34417}
		{0392AA0A-D304-4FAF-A302-98055789AF3D} = {128A726E-2D2F-4FEC-9CB7-3D8A18E34417}
		{80303432-DA2E-41CC-93AE-629EE1FE2050} = {128A726E-2D2F-4FEC-9CB7-3D8A18E34417}
		{289CA70F-DB70-41D1-85E5-73C8AD92A259} = {128A726E-2D2F-4FEC-9CB7-3D8A18E34417}
		{3EF8C9DF-9F5B-4831-BA54-251DC230B57E} = {128A726E-2D2F-4FEC-9CB7-3D8A18E34417}
		{E8AAEBF1-6F69-425D-B001-0190FECA3797} = {128A726E-2D2F-4FEC-9CB7-3D8A18E34417}
		{35FC0187-7061-4AF9-82D7-9402AFF92C5E} = {128A726E-2D2F-4FEC-9CB7-3D8A18E34417}
		{DB0B5BF0-4DE5-44BA-BC48-17207F146988} = {128A726E-2D2F-4FEC-9CB7-3D8A18E34417}
		{90210C34-6C1E-409A-B85E-C911FDA711DF} = {128A726E-2D2F-4FEC-9CB7-3D8A18E34417}
		{A9A21E82-CC40-43BC-8C55-ED08614AA552} = {128A726E-2D2F-4FEC-9CB7-3D8A18E34417}
		{DE13A6F5-F85D-490F-841C-590E2423151E} = {128A726E-2D2F-4FEC-9CB7-3D8A18E34417}
		{8695367D-D5F6-4C89-B004-28F8114F5172} = {128A726E-2D2F-4FEC-9CB7-3D8A18E34417}
		{BE0CE5D0-1DA3-4A4C-89B5-55C9DFFCDD46} = {128A726E-2D2F-4FEC-9CB7-3D8A18E34417}
		{AC49079E-DBA1-4661-A407-F4149BBF64AE} = {128A726E-2D2F-4FEC-9CB7-3D8A18E34417}
		{45701F51-FDE9-45FD-A9CA-45E937E373C1} = {AC49079E-DBA1-4661-A407-F4149BBF64AE}
		{833897E1-35A8-4751-B7AE-C156EDE1CC94} = {128A726E-2D2F-4FEC-9CB7-3D8A18E34417}
		{FB3DD63A-72BE-4004-B58A-1B08C8AFB30A} = {D0DFCD97-7CA1-47FF-9A5F-F32002D0BD7E}
		{09AF36AE-171A-4330-B57E-D9DF372EEAD4} = {D0DFCD97-7CA1-47FF-9A5F-F32002D0BD7E}
		{C27FC68E-8540-491F-8B32-AC248E508DC7} = {D0DFCD97-7CA1-47FF-9A5F-F32002D0BD7E}
		{E78C589B-E9C9-4668-80CB-0DD6B00DC556} = {D0DFCD97-7CA1-47FF-9A5F-F32002D0BD7E}
		{779205BC-457B-4026-A8DC-8FD82E5A3F4A} = {D0DFCD97-7CA1-47FF-9A5F-F32002D0BD7E}
		{9C4C221B-FE6B-43B3-8C80-4CC2E503EAB5} = {D0DFCD97-7CA1-47FF-9A5F-F32002D0BD7E}
		{A2A4260C-E83B-47C2-B637-143315F0AEA9} = {9E23C62B-8328-4F71-94BD-BEDE5C498C2D}
		{F12CD85A-F0E3-49C4-9529-54962577DBF9} = {9E23C62B-8328-4F71-94BD-BEDE5C498C2D}
		{2BE1591E-8D92-4641-B8C5-57C6F3A83890} = {9E23C62B-8328-4F71-94BD-BEDE5C498C2D}
		{54A0CB20-B252-44AB-ABDA-9CBCC722A2BE} = {9E23C62B-8328-4F71-94BD-BEDE5C498C2D}
		{5C35429B-E106-4D06-83A6-15E98D379E72} = {9E23C62B-8328-4F71-94BD-BEDE5C498C2D}
		{274728D3-25F4-48B5-A6E7-AD4D20479BEA} = {9E23C62B-8328-4F71-94BD-BEDE5C498C2D}
		{E4F7F71F-5E5F-4511-BF97-927F02421C9C} = {9E23C62B-8328-4F71-94BD-BEDE5C498C2D}
		{7264CD1E-BC57-469F-A297-0B5A7365D4CF} = {9E23C62B-8328-4F71-94BD-BEDE5C498C2D}
		{569339EC-B548-4BED-B8FD-969C0F24AE0C} = {9E23C62B-8328-4F71-94BD-BEDE5C498C2D}
		{91C28451-AE4F-4C73-9CC5-2F3DFE20B93C} = {635EE1AA-6DB5-46D0-9ADC-9CC86100697E}
		{613F4749-6104-431E-97AF-8B3F9FB5B6C3} = {05698DC1-37CD-4F9D-BB1D-994843F547D2}
		{73FFBF06-05AC-49FB-ACA0-E406759E1240} = {613F4749-6104-431E-97AF-8B3F9FB5B6C3}
		{31A56131-9230-4A31-976D-465677819E86} = {DD91622E-30BD-4B7C-BE13-EAC4542E802B}
		{136CB78B-9208-46B0-BB9A-3F6AE3B37E5A} = {DD91622E-30BD-4B7C-BE13-EAC4542E802B}
		{409B72F4-2C02-478F-9156-9F911F197BAC} = {DD91622E-30BD-4B7C-BE13-EAC4542E802B}
		{531D092E-8FE0-4DAD-9823-C6B010EC7788} = {DD91622E-30BD-4B7C-BE13-EAC4542E802B}
		{F4D6454C-766A-473E-AA5A-88BEFC129B78} = {F23433B2-61F0-4D17-B9BC-A7A113FA6B90}
		{09548C63-08A1-4529-AACB-6A02CBDD04AC} = {F23433B2-61F0-4D17-B9BC-A7A113FA6B90}
		{8DF57917-9A84-49D8-8CDC-0A34C5082B38} = {C7869422-E9EC-4D87-A726-D7DC76F575BE}
		{04CF80A3-370D-46E4-BEC6-20C3C501F4AD} = {C7869422-E9EC-4D87-A726-D7DC76F575BE}
		{F8BF62B3-A5F1-4048-8952-4C99751092F5} = {C7869422-E9EC-4D87-A726-D7DC76F575BE}
		{FCCE0C88-2628-40F0-AEE5-C0B0E44B32C1} = {C7869422-E9EC-4D87-A726-D7DC76F575BE}
		{9212A8B9-F001-4369-B772-A42C243B69DC} = {FCCE0C88-2628-40F0-AEE5-C0B0E44B32C1}
		{20A4E1F5-248B-4EBF-87B1-4E99BE70E512} = {FCCE0C88-2628-40F0-AEE5-C0B0E44B32C1}
		{A48F49D7-F375-44DF-B1A6-16C86D8F9B63} = {FCCE0C88-2628-40F0-AEE5-C0B0E44B32C1}
		{74FB1D5B-C73C-4122-BBFA-671A00131253} = {FCCE0C88-2628-40F0-AEE5-C0B0E44B32C1}
		{CDF2116A-11C1-41ED-AFE1-77867BB462AC} = {1F7A51A7-F496-4182-87E8-1E9DFEA0A8F8}
		{75A44F07-75ED-49AC-8F19-15CF72A0064D} = {1F7A51A7-F496-4182-87E8-1E9DFEA0A8F8}
		{4D90FE73-EE8E-475D-AE66-FCA5C61798B1} = {3B0B9B31-64C6-43BA-AF48-260B407ABA90}
		{7F37C03F-9CEC-4ED7-8A41-EC350D204E9D} = {3B0B9B31-64C6-43BA-AF48-260B407ABA90}
		{B03B8133-23BF-4859-8E31-748538DAFA17} = {3B0B9B31-64C6-43BA-AF48-260B407ABA90}
		{81C20E43-3745-420F-A642-0C8140EA6175} = {3B0B9B31-64C6-43BA-AF48-260B407ABA90}
		{62778E3B-33D2-4D1D-8B89-6112A8D6EA3E} = {3B0B9B31-64C6-43BA-AF48-260B407ABA90}
		{01AFB553-AD23-4125-BB0E-ACAA6FABBD55} = {3B0B9B31-64C6-43BA-AF48-260B407ABA90}
		{952D6649-D183-44AE-B17F-569C1503EF31} = {3B0B9B31-64C6-43BA-AF48-260B407ABA90}
		{AA1B9C46-8A17-4754-BEEC-79B15F80BAB7} = {3B0B9B31-64C6-43BA-AF48-260B407ABA90}
		{793EACD4-7958-4D72-A444-15FF96359377} = {3B0B9B31-64C6-43BA-AF48-260B407ABA90}
		{DBD07B2E-5FAB-4526-AE0E-147749561D23} = {3B0B9B31-64C6-43BA-AF48-260B407ABA90}
		{DA3713C5-DDC9-4217-A52C-57D61AD3ACCB} = {3B0B9B31-64C6-43BA-AF48-260B407ABA90}
		{31D2BFF1-5B85-4E48-91D2-2B52E3D617E4} = {3B0B9B31-64C6-43BA-AF48-260B407ABA90}
		{EB961676-42B4-4AB0-B4E0-5DDFB04520CD} = {05698DC1-37CD-4F9D-BB1D-994843F547D2}
	EndGlobalSection
	GlobalSection(ExtensibilityGlobals) = postSolution
		SolutionGuid = {ECCC6470-82B9-4366-A25D-187FE672BB0C}
	EndGlobalSection
EndGlobal
